// !$*UTF8*$!
{
	archiveVersion = 1;
	classes = {
	};
	objectVersion = 46;
	objects = {

/* Begin PBXBuildFile section */
		276070B889597B9070E9C41A /* Pods_UVIComponentsTests.framework in Frameworks */ = {isa = PBXBuildFile; fileRef = F4622D062038C7745BE869AD /* Pods_UVIComponentsTests.framework */; };
		34449AE31E7E42A500E78E15 /* UVIRealm.framework in Frameworks */ = {isa = PBXBuildFile; fileRef = 34449ADA1E7E42A400E78E15 /* UVIRealm.framework */; };
		34449AEA1E7E42A500E78E15 /* UVIRealmTests.swift in Sources */ = {isa = PBXBuildFile; fileRef = 34449AE91E7E42A500E78E15 /* UVIRealmTests.swift */; };
		34449AEC1E7E42A500E78E15 /* UVIRealm.h in Headers */ = {isa = PBXBuildFile; fileRef = 34449ADC1E7E42A400E78E15 /* UVIRealm.h */; settings = {ATTRIBUTES = (Public, ); }; };
		34449AEF1E7E42A500E78E15 /* UVIRealm.framework in Frameworks */ = {isa = PBXBuildFile; fileRef = 34449ADA1E7E42A400E78E15 /* UVIRealm.framework */; };
		34449AF01E7E42A500E78E15 /* UVIRealm.framework in Embed Frameworks */ = {isa = PBXBuildFile; fileRef = 34449ADA1E7E42A400E78E15 /* UVIRealm.framework */; settings = {ATTRIBUTES = (CodeSignOnCopy, RemoveHeadersOnCopy, ); }; };
		34449B061E7E444700E78E15 /* UVIComponents.framework in Frameworks */ = {isa = PBXBuildFile; fileRef = 34449AFD1E7E444600E78E15 /* UVIComponents.framework */; };
		34449B0D1E7E444700E78E15 /* UVIComponentsTests.swift in Sources */ = {isa = PBXBuildFile; fileRef = 34449B0C1E7E444700E78E15 /* UVIComponentsTests.swift */; };
		34449B0F1E7E444700E78E15 /* UVIComponents.h in Headers */ = {isa = PBXBuildFile; fileRef = 34449AFF1E7E444700E78E15 /* UVIComponents.h */; settings = {ATTRIBUTES = (Public, ); }; };
		34449B121E7E444700E78E15 /* UVIComponents.framework in Frameworks */ = {isa = PBXBuildFile; fileRef = 34449AFD1E7E444600E78E15 /* UVIComponents.framework */; };
		34449B131E7E444700E78E15 /* UVIComponents.framework in Embed Frameworks */ = {isa = PBXBuildFile; fileRef = 34449AFD1E7E444600E78E15 /* UVIComponents.framework */; settings = {ATTRIBUTES = (CodeSignOnCopy, RemoveHeadersOnCopy, ); }; };
		344F08551E71D6BF00011081 /* AppDelegate.swift in Sources */ = {isa = PBXBuildFile; fileRef = 344F08541E71D6BF00011081 /* AppDelegate.swift */; };
		344F08571E71D6BF00011081 /* ViewController.swift in Sources */ = {isa = PBXBuildFile; fileRef = 344F08561E71D6BF00011081 /* ViewController.swift */; };
		344F085C1E71D6BF00011081 /* Assets.xcassets in Resources */ = {isa = PBXBuildFile; fileRef = 344F085B1E71D6BF00011081 /* Assets.xcassets */; };
		344F085F1E71D6BF00011081 /* LaunchScreen.storyboard in Resources */ = {isa = PBXBuildFile; fileRef = 344F085D1E71D6BF00011081 /* LaunchScreen.storyboard */; };
		344F086A1E71D6BF00011081 /* UVITests.swift in Sources */ = {isa = PBXBuildFile; fileRef = 344F08691E71D6BF00011081 /* UVITests.swift */; };
		344F08751E71D6BF00011081 /* UVIUITests.swift in Sources */ = {isa = PBXBuildFile; fileRef = 344F08741E71D6BF00011081 /* UVIUITests.swift */; };
		652EE852FCB44E8F433624F9 /* Pods_UVIComponents.framework in Frameworks */ = {isa = PBXBuildFile; fileRef = 618D4738BD450451649D68B4 /* Pods_UVIComponents.framework */; };
		9DAED1CF535801A31F9DD53A /* Pods_UVIRealmTests.framework in Frameworks */ = {isa = PBXBuildFile; fileRef = FA4C699C93FB78096EAB759E /* Pods_UVIRealmTests.framework */; };
		A0960723B7D0A08FE298C6FD /* Pods_UVITests.framework in Frameworks */ = {isa = PBXBuildFile; fileRef = 85FDBAA65BF0D3F01A520545 /* Pods_UVITests.framework */; };
		A1A192D383DEBA55BBA1A056 /* Pods_UVI.framework in Frameworks */ = {isa = PBXBuildFile; fileRef = D86C605618318D70F407D17E /* Pods_UVI.framework */; };
		A8B50869AF0E68CE83C91A2F /* Pods_UVIUITests.framework in Frameworks */ = {isa = PBXBuildFile; fileRef = 2C412FDB4EA7A3080B8C6877 /* Pods_UVIUITests.framework */; };
		EFFEA44A8A00C7BC7CC7FA36 /* Pods_UVIRealm.framework in Frameworks */ = {isa = PBXBuildFile; fileRef = C4B2D3C1828AFEC372AB9C7C /* Pods_UVIRealm.framework */; };
/* End PBXBuildFile section */

/* Begin PBXContainerItemProxy section */
		34449AE41E7E42A500E78E15 /* PBXContainerItemProxy */ = {
			isa = PBXContainerItemProxy;
			containerPortal = 344F08491E71D6BF00011081 /* Project object */;
			proxyType = 1;
			remoteGlobalIDString = 34449AD91E7E42A400E78E15;
			remoteInfo = UVIRealm;
		};
		34449AE61E7E42A500E78E15 /* PBXContainerItemProxy */ = {
			isa = PBXContainerItemProxy;
			containerPortal = 344F08491E71D6BF00011081 /* Project object */;
			proxyType = 1;
			remoteGlobalIDString = 344F08501E71D6BF00011081;
			remoteInfo = UVI;
		};
		34449AED1E7E42A500E78E15 /* PBXContainerItemProxy */ = {
			isa = PBXContainerItemProxy;
			containerPortal = 344F08491E71D6BF00011081 /* Project object */;
			proxyType = 1;
			remoteGlobalIDString = 34449AD91E7E42A400E78E15;
			remoteInfo = UVIRealm;
		};
		34449B071E7E444700E78E15 /* PBXContainerItemProxy */ = {
			isa = PBXContainerItemProxy;
			containerPortal = 344F08491E71D6BF00011081 /* Project object */;
			proxyType = 1;
			remoteGlobalIDString = 34449AFC1E7E444600E78E15;
			remoteInfo = UVIComponents;
		};
		34449B091E7E444700E78E15 /* PBXContainerItemProxy */ = {
			isa = PBXContainerItemProxy;
			containerPortal = 344F08491E71D6BF00011081 /* Project object */;
			proxyType = 1;
			remoteGlobalIDString = 344F08501E71D6BF00011081;
			remoteInfo = UVI;
		};
		34449B101E7E444700E78E15 /* PBXContainerItemProxy */ = {
			isa = PBXContainerItemProxy;
			containerPortal = 344F08491E71D6BF00011081 /* Project object */;
			proxyType = 1;
			remoteGlobalIDString = 34449AFC1E7E444600E78E15;
			remoteInfo = UVIComponents;
		};
		344F08661E71D6BF00011081 /* PBXContainerItemProxy */ = {
			isa = PBXContainerItemProxy;
			containerPortal = 344F08491E71D6BF00011081 /* Project object */;
			proxyType = 1;
			remoteGlobalIDString = 344F08501E71D6BF00011081;
			remoteInfo = UVI;
		};
		344F08711E71D6BF00011081 /* PBXContainerItemProxy */ = {
			isa = PBXContainerItemProxy;
			containerPortal = 344F08491E71D6BF00011081 /* Project object */;
			proxyType = 1;
			remoteGlobalIDString = 344F08501E71D6BF00011081;
			remoteInfo = UVI;
		};
/* End PBXContainerItemProxy section */

/* Begin PBXCopyFilesBuildPhase section */
		34449AF61E7E42A500E78E15 /* Embed Frameworks */ = {
			isa = PBXCopyFilesBuildPhase;
			buildActionMask = 2147483647;
			dstPath = "";
			dstSubfolderSpec = 10;
			files = (
				34449AF01E7E42A500E78E15 /* UVIRealm.framework in Embed Frameworks */,
				34449B131E7E444700E78E15 /* UVIComponents.framework in Embed Frameworks */,
			);
			name = "Embed Frameworks";
			runOnlyForDeploymentPostprocessing = 0;
		};
/* End PBXCopyFilesBuildPhase section */

/* Begin PBXFileReference section */
		0ACFE6BB9908A0C4AFC753D7 /* Pods-UVIComponentsTests.debug.xcconfig */ = {isa = PBXFileReference; includeInIndex = 1; lastKnownFileType = text.xcconfig; name = "Pods-UVIComponentsTests.debug.xcconfig"; path = "Pods/Target Support Files/Pods-UVIComponentsTests/Pods-UVIComponentsTests.debug.xcconfig"; sourceTree = "<group>"; };
		2C0DA7C4EC1A93E2414D808C /* Pods-UVIRealm.debug.xcconfig */ = {isa = PBXFileReference; includeInIndex = 1; lastKnownFileType = text.xcconfig; name = "Pods-UVIRealm.debug.xcconfig"; path = "Pods/Target Support Files/Pods-UVIRealm/Pods-UVIRealm.debug.xcconfig"; sourceTree = "<group>"; };
		2C412FDB4EA7A3080B8C6877 /* Pods_UVIUITests.framework */ = {isa = PBXFileReference; explicitFileType = wrapper.framework; includeInIndex = 0; path = Pods_UVIUITests.framework; sourceTree = BUILT_PRODUCTS_DIR; };
		2DE83056478B9D05405A1FAE /* Pods-UVIComponentsTests.release.xcconfig */ = {isa = PBXFileReference; includeInIndex = 1; lastKnownFileType = text.xcconfig; name = "Pods-UVIComponentsTests.release.xcconfig"; path = "Pods/Target Support Files/Pods-UVIComponentsTests/Pods-UVIComponentsTests.release.xcconfig"; sourceTree = "<group>"; };
		34449ADA1E7E42A400E78E15 /* UVIRealm.framework */ = {isa = PBXFileReference; explicitFileType = wrapper.framework; includeInIndex = 0; path = UVIRealm.framework; sourceTree = BUILT_PRODUCTS_DIR; };
		34449ADC1E7E42A400E78E15 /* UVIRealm.h */ = {isa = PBXFileReference; lastKnownFileType = sourcecode.c.h; path = UVIRealm.h; sourceTree = "<group>"; };
		34449ADD1E7E42A400E78E15 /* Info.plist */ = {isa = PBXFileReference; lastKnownFileType = text.plist.xml; path = Info.plist; sourceTree = "<group>"; };
		34449AE21E7E42A500E78E15 /* UVIRealmTests.xctest */ = {isa = PBXFileReference; explicitFileType = wrapper.cfbundle; includeInIndex = 0; path = UVIRealmTests.xctest; sourceTree = BUILT_PRODUCTS_DIR; };
		34449AE91E7E42A500E78E15 /* UVIRealmTests.swift */ = {isa = PBXFileReference; lastKnownFileType = sourcecode.swift; path = UVIRealmTests.swift; sourceTree = "<group>"; };
		34449AEB1E7E42A500E78E15 /* Info.plist */ = {isa = PBXFileReference; lastKnownFileType = text.plist.xml; path = Info.plist; sourceTree = "<group>"; };
		34449AFD1E7E444600E78E15 /* UVIComponents.framework */ = {isa = PBXFileReference; explicitFileType = wrapper.framework; includeInIndex = 0; path = UVIComponents.framework; sourceTree = BUILT_PRODUCTS_DIR; };
		34449AFF1E7E444700E78E15 /* UVIComponents.h */ = {isa = PBXFileReference; lastKnownFileType = sourcecode.c.h; path = UVIComponents.h; sourceTree = "<group>"; };
		34449B001E7E444700E78E15 /* Info.plist */ = {isa = PBXFileReference; lastKnownFileType = text.plist.xml; path = Info.plist; sourceTree = "<group>"; };
		34449B051E7E444700E78E15 /* UVIComponentsTests.xctest */ = {isa = PBXFileReference; explicitFileType = wrapper.cfbundle; includeInIndex = 0; path = UVIComponentsTests.xctest; sourceTree = BUILT_PRODUCTS_DIR; };
		34449B0C1E7E444700E78E15 /* UVIComponentsTests.swift */ = {isa = PBXFileReference; lastKnownFileType = sourcecode.swift; path = UVIComponentsTests.swift; sourceTree = "<group>"; };
		34449B0E1E7E444700E78E15 /* Info.plist */ = {isa = PBXFileReference; lastKnownFileType = text.plist.xml; path = Info.plist; sourceTree = "<group>"; };
		344F08511E71D6BF00011081 /* UVI.app */ = {isa = PBXFileReference; explicitFileType = wrapper.application; includeInIndex = 0; path = UVI.app; sourceTree = BUILT_PRODUCTS_DIR; };
		344F08541E71D6BF00011081 /* AppDelegate.swift */ = {isa = PBXFileReference; lastKnownFileType = sourcecode.swift; path = AppDelegate.swift; sourceTree = "<group>"; };
		344F08561E71D6BF00011081 /* ViewController.swift */ = {isa = PBXFileReference; lastKnownFileType = sourcecode.swift; path = ViewController.swift; sourceTree = "<group>"; };
		344F085B1E71D6BF00011081 /* Assets.xcassets */ = {isa = PBXFileReference; lastKnownFileType = folder.assetcatalog; path = Assets.xcassets; sourceTree = "<group>"; };
		344F085E1E71D6BF00011081 /* Base */ = {isa = PBXFileReference; lastKnownFileType = file.storyboard; name = Base; path = Base.lproj/LaunchScreen.storyboard; sourceTree = "<group>"; };
		344F08601E71D6BF00011081 /* Info.plist */ = {isa = PBXFileReference; lastKnownFileType = text.plist.xml; path = Info.plist; sourceTree = "<group>"; };
		344F08651E71D6BF00011081 /* UVITests.xctest */ = {isa = PBXFileReference; explicitFileType = wrapper.cfbundle; includeInIndex = 0; path = UVITests.xctest; sourceTree = BUILT_PRODUCTS_DIR; };
		344F08691E71D6BF00011081 /* UVITests.swift */ = {isa = PBXFileReference; lastKnownFileType = sourcecode.swift; path = UVITests.swift; sourceTree = "<group>"; };
		344F086B1E71D6BF00011081 /* Info.plist */ = {isa = PBXFileReference; lastKnownFileType = text.plist.xml; path = Info.plist; sourceTree = "<group>"; };
		344F08701E71D6BF00011081 /* UVIUITests.xctest */ = {isa = PBXFileReference; explicitFileType = wrapper.cfbundle; includeInIndex = 0; path = UVIUITests.xctest; sourceTree = BUILT_PRODUCTS_DIR; };
		344F08741E71D6BF00011081 /* UVIUITests.swift */ = {isa = PBXFileReference; lastKnownFileType = sourcecode.swift; path = UVIUITests.swift; sourceTree = "<group>"; };
		344F08761E71D6BF00011081 /* Info.plist */ = {isa = PBXFileReference; lastKnownFileType = text.plist.xml; path = Info.plist; sourceTree = "<group>"; };
		3E43B3C1DC213B9F6F72E18A /* Pods-UVIRealm.release.xcconfig */ = {isa = PBXFileReference; includeInIndex = 1; lastKnownFileType = text.xcconfig; name = "Pods-UVIRealm.release.xcconfig"; path = "Pods/Target Support Files/Pods-UVIRealm/Pods-UVIRealm.release.xcconfig"; sourceTree = "<group>"; };
		45316E904D842897352AF6F9 /* Pods-UVITests.release.xcconfig */ = {isa = PBXFileReference; includeInIndex = 1; lastKnownFileType = text.xcconfig; name = "Pods-UVITests.release.xcconfig"; path = "Pods/Target Support Files/Pods-UVITests/Pods-UVITests.release.xcconfig"; sourceTree = "<group>"; };
		4DDDC97EFE7458B80E10022E /* Pods-UVIComponents.release.xcconfig */ = {isa = PBXFileReference; includeInIndex = 1; lastKnownFileType = text.xcconfig; name = "Pods-UVIComponents.release.xcconfig"; path = "Pods/Target Support Files/Pods-UVIComponents/Pods-UVIComponents.release.xcconfig"; sourceTree = "<group>"; };
		618D4738BD450451649D68B4 /* Pods_UVIComponents.framework */ = {isa = PBXFileReference; explicitFileType = wrapper.framework; includeInIndex = 0; path = Pods_UVIComponents.framework; sourceTree = BUILT_PRODUCTS_DIR; };
		62F8F8F78168D96541F8767B /* Pods-UVI.debug.xcconfig */ = {isa = PBXFileReference; includeInIndex = 1; lastKnownFileType = text.xcconfig; name = "Pods-UVI.debug.xcconfig"; path = "Pods/Target Support Files/Pods-UVI/Pods-UVI.debug.xcconfig"; sourceTree = "<group>"; };
		7BA9DDB37EA7AC66C6E21154 /* Pods-UVIUITests.debug.xcconfig */ = {isa = PBXFileReference; includeInIndex = 1; lastKnownFileType = text.xcconfig; name = "Pods-UVIUITests.debug.xcconfig"; path = "Pods/Target Support Files/Pods-UVIUITests/Pods-UVIUITests.debug.xcconfig"; sourceTree = "<group>"; };
		85FDBAA65BF0D3F01A520545 /* Pods_UVITests.framework */ = {isa = PBXFileReference; explicitFileType = wrapper.framework; includeInIndex = 0; path = Pods_UVITests.framework; sourceTree = BUILT_PRODUCTS_DIR; };
		8D1AE1E1CAC981A97CAD4045 /* Pods-UVIComponents.debug.xcconfig */ = {isa = PBXFileReference; includeInIndex = 1; lastKnownFileType = text.xcconfig; name = "Pods-UVIComponents.debug.xcconfig"; path = "Pods/Target Support Files/Pods-UVIComponents/Pods-UVIComponents.debug.xcconfig"; sourceTree = "<group>"; };
		AB5B8B85D0CFB26851893EEE /* Pods-UVIRealmTests.release.xcconfig */ = {isa = PBXFileReference; includeInIndex = 1; lastKnownFileType = text.xcconfig; name = "Pods-UVIRealmTests.release.xcconfig"; path = "Pods/Target Support Files/Pods-UVIRealmTests/Pods-UVIRealmTests.release.xcconfig"; sourceTree = "<group>"; };
		AD13D3C407104AEBB1BD6661 /* Pods-UVIUITests.release.xcconfig */ = {isa = PBXFileReference; includeInIndex = 1; lastKnownFileType = text.xcconfig; name = "Pods-UVIUITests.release.xcconfig"; path = "Pods/Target Support Files/Pods-UVIUITests/Pods-UVIUITests.release.xcconfig"; sourceTree = "<group>"; };
		B81BF107DD8CEC5BDFAF3E65 /* Pods-UVITests.debug.xcconfig */ = {isa = PBXFileReference; includeInIndex = 1; lastKnownFileType = text.xcconfig; name = "Pods-UVITests.debug.xcconfig"; path = "Pods/Target Support Files/Pods-UVITests/Pods-UVITests.debug.xcconfig"; sourceTree = "<group>"; };
		C4B2D3C1828AFEC372AB9C7C /* Pods_UVIRealm.framework */ = {isa = PBXFileReference; explicitFileType = wrapper.framework; includeInIndex = 0; path = Pods_UVIRealm.framework; sourceTree = BUILT_PRODUCTS_DIR; };
		D86C605618318D70F407D17E /* Pods_UVI.framework */ = {isa = PBXFileReference; explicitFileType = wrapper.framework; includeInIndex = 0; path = Pods_UVI.framework; sourceTree = BUILT_PRODUCTS_DIR; };
		EE7DD5AFD81C8BF649C58B6E /* Pods-UVIRealmTests.debug.xcconfig */ = {isa = PBXFileReference; includeInIndex = 1; lastKnownFileType = text.xcconfig; name = "Pods-UVIRealmTests.debug.xcconfig"; path = "Pods/Target Support Files/Pods-UVIRealmTests/Pods-UVIRealmTests.debug.xcconfig"; sourceTree = "<group>"; };
		F4622D062038C7745BE869AD /* Pods_UVIComponentsTests.framework */ = {isa = PBXFileReference; explicitFileType = wrapper.framework; includeInIndex = 0; path = Pods_UVIComponentsTests.framework; sourceTree = BUILT_PRODUCTS_DIR; };
		FA20616AD4EA232D3FABB31B /* Pods-UVI.release.xcconfig */ = {isa = PBXFileReference; includeInIndex = 1; lastKnownFileType = text.xcconfig; name = "Pods-UVI.release.xcconfig"; path = "Pods/Target Support Files/Pods-UVI/Pods-UVI.release.xcconfig"; sourceTree = "<group>"; };
		FA4C699C93FB78096EAB759E /* Pods_UVIRealmTests.framework */ = {isa = PBXFileReference; explicitFileType = wrapper.framework; includeInIndex = 0; path = Pods_UVIRealmTests.framework; sourceTree = BUILT_PRODUCTS_DIR; };
/* End PBXFileReference section */

/* Begin PBXFrameworksBuildPhase section */
		34449AD61E7E42A400E78E15 /* Frameworks */ = {
			isa = PBXFrameworksBuildPhase;
			buildActionMask = 2147483647;
			files = (
				EFFEA44A8A00C7BC7CC7FA36 /* Pods_UVIRealm.framework in Frameworks */,
			);
			runOnlyForDeploymentPostprocessing = 0;
		};
		34449ADF1E7E42A500E78E15 /* Frameworks */ = {
			isa = PBXFrameworksBuildPhase;
			buildActionMask = 2147483647;
			files = (
				34449AE31E7E42A500E78E15 /* UVIRealm.framework in Frameworks */,
				9DAED1CF535801A31F9DD53A /* Pods_UVIRealmTests.framework in Frameworks */,
			);
			runOnlyForDeploymentPostprocessing = 0;
		};
		34449AF91E7E444600E78E15 /* Frameworks */ = {
			isa = PBXFrameworksBuildPhase;
			buildActionMask = 2147483647;
			files = (
				652EE852FCB44E8F433624F9 /* Pods_UVIComponents.framework in Frameworks */,
			);
			runOnlyForDeploymentPostprocessing = 0;
		};
		34449B021E7E444700E78E15 /* Frameworks */ = {
			isa = PBXFrameworksBuildPhase;
			buildActionMask = 2147483647;
			files = (
				34449B061E7E444700E78E15 /* UVIComponents.framework in Frameworks */,
				276070B889597B9070E9C41A /* Pods_UVIComponentsTests.framework in Frameworks */,
			);
			runOnlyForDeploymentPostprocessing = 0;
		};
		344F084E1E71D6BF00011081 /* Frameworks */ = {
			isa = PBXFrameworksBuildPhase;
			buildActionMask = 2147483647;
			files = (
				A1A192D383DEBA55BBA1A056 /* Pods_UVI.framework in Frameworks */,
				34449B121E7E444700E78E15 /* UVIComponents.framework in Frameworks */,
				34449AEF1E7E42A500E78E15 /* UVIRealm.framework in Frameworks */,
			);
			runOnlyForDeploymentPostprocessing = 0;
		};
		344F08621E71D6BF00011081 /* Frameworks */ = {
			isa = PBXFrameworksBuildPhase;
			buildActionMask = 2147483647;
			files = (
				A0960723B7D0A08FE298C6FD /* Pods_UVITests.framework in Frameworks */,
			);
			runOnlyForDeploymentPostprocessing = 0;
		};
		344F086D1E71D6BF00011081 /* Frameworks */ = {
			isa = PBXFrameworksBuildPhase;
			buildActionMask = 2147483647;
			files = (
				A8B50869AF0E68CE83C91A2F /* Pods_UVIUITests.framework in Frameworks */,
			);
			runOnlyForDeploymentPostprocessing = 0;
		};
/* End PBXFrameworksBuildPhase section */

/* Begin PBXGroup section */
		34449ADB1E7E42A400E78E15 /* UVIRealm */ = {
			isa = PBXGroup;
			children = (
				34449ADC1E7E42A400E78E15 /* UVIRealm.h */,
				34449ADD1E7E42A400E78E15 /* Info.plist */,
			);
			path = UVIRealm;
			sourceTree = "<group>";
		};
		34449AE81E7E42A500E78E15 /* UVIRealmTests */ = {
			isa = PBXGroup;
			children = (
				34449AE91E7E42A500E78E15 /* UVIRealmTests.swift */,
				34449AEB1E7E42A500E78E15 /* Info.plist */,
			);
			path = UVIRealmTests;
			sourceTree = "<group>";
		};
		34449AFE1E7E444600E78E15 /* UVIComponents */ = {
			isa = PBXGroup;
			children = (
				34449AFF1E7E444700E78E15 /* UVIComponents.h */,
				34449B001E7E444700E78E15 /* Info.plist */,
			);
			path = UVIComponents;
			sourceTree = "<group>";
		};
		34449B0B1E7E444700E78E15 /* UVIComponentsTests */ = {
			isa = PBXGroup;
			children = (
				34449B0C1E7E444700E78E15 /* UVIComponentsTests.swift */,
				34449B0E1E7E444700E78E15 /* Info.plist */,
			);
			path = UVIComponentsTests;
			sourceTree = "<group>";
		};
		344F08481E71D6BF00011081 = {
			isa = PBXGroup;
			children = (
				344F08531E71D6BF00011081 /* UVI */,
				344F08681E71D6BF00011081 /* UVITests */,
				344F08731E71D6BF00011081 /* UVIUITests */,
				34449ADB1E7E42A400E78E15 /* UVIRealm */,
				34449AE81E7E42A500E78E15 /* UVIRealmTests */,
				34449AFE1E7E444600E78E15 /* UVIComponents */,
				34449B0B1E7E444700E78E15 /* UVIComponentsTests */,
				344F08521E71D6BF00011081 /* Products */,
				397413F481BCAE09CC6D39FC /* Pods */,
				DB1B1B094C81DD85B90DA00E /* Frameworks */,
			);
			sourceTree = "<group>";
		};
		344F08521E71D6BF00011081 /* Products */ = {
			isa = PBXGroup;
			children = (
				344F08511E71D6BF00011081 /* UVI.app */,
				344F08651E71D6BF00011081 /* UVITests.xctest */,
				344F08701E71D6BF00011081 /* UVIUITests.xctest */,
				34449ADA1E7E42A400E78E15 /* UVIRealm.framework */,
				34449AE21E7E42A500E78E15 /* UVIRealmTests.xctest */,
				34449AFD1E7E444600E78E15 /* UVIComponents.framework */,
				34449B051E7E444700E78E15 /* UVIComponentsTests.xctest */,
			);
			name = Products;
			sourceTree = "<group>";
		};
		344F08531E71D6BF00011081 /* UVI */ = {
			isa = PBXGroup;
			children = (
				344F08541E71D6BF00011081 /* AppDelegate.swift */,
				344F08561E71D6BF00011081 /* ViewController.swift */,
				344F085B1E71D6BF00011081 /* Assets.xcassets */,
				344F085D1E71D6BF00011081 /* LaunchScreen.storyboard */,
				344F08601E71D6BF00011081 /* Info.plist */,
			);
			path = UVI;
			sourceTree = "<group>";
		};
		344F08681E71D6BF00011081 /* UVITests */ = {
			isa = PBXGroup;
			children = (
				344F08691E71D6BF00011081 /* UVITests.swift */,
				344F086B1E71D6BF00011081 /* Info.plist */,
			);
			path = UVITests;
			sourceTree = "<group>";
		};
		344F08731E71D6BF00011081 /* UVIUITests */ = {
			isa = PBXGroup;
			children = (
				344F08741E71D6BF00011081 /* UVIUITests.swift */,
				344F08761E71D6BF00011081 /* Info.plist */,
			);
			path = UVIUITests;
			sourceTree = "<group>";
		};
		397413F481BCAE09CC6D39FC /* Pods */ = {
			isa = PBXGroup;
			children = (
				62F8F8F78168D96541F8767B /* Pods-UVI.debug.xcconfig */,
				FA20616AD4EA232D3FABB31B /* Pods-UVI.release.xcconfig */,
				B81BF107DD8CEC5BDFAF3E65 /* Pods-UVITests.debug.xcconfig */,
				45316E904D842897352AF6F9 /* Pods-UVITests.release.xcconfig */,
				7BA9DDB37EA7AC66C6E21154 /* Pods-UVIUITests.debug.xcconfig */,
				AD13D3C407104AEBB1BD6661 /* Pods-UVIUITests.release.xcconfig */,
				2C0DA7C4EC1A93E2414D808C /* Pods-UVIRealm.debug.xcconfig */,
				3E43B3C1DC213B9F6F72E18A /* Pods-UVIRealm.release.xcconfig */,
				EE7DD5AFD81C8BF649C58B6E /* Pods-UVIRealmTests.debug.xcconfig */,
				AB5B8B85D0CFB26851893EEE /* Pods-UVIRealmTests.release.xcconfig */,
				8D1AE1E1CAC981A97CAD4045 /* Pods-UVIComponents.debug.xcconfig */,
				4DDDC97EFE7458B80E10022E /* Pods-UVIComponents.release.xcconfig */,
				0ACFE6BB9908A0C4AFC753D7 /* Pods-UVIComponentsTests.debug.xcconfig */,
				2DE83056478B9D05405A1FAE /* Pods-UVIComponentsTests.release.xcconfig */,
			);
			name = Pods;
			sourceTree = "<group>";
		};
		DB1B1B094C81DD85B90DA00E /* Frameworks */ = {
			isa = PBXGroup;
			children = (
				D86C605618318D70F407D17E /* Pods_UVI.framework */,
				85FDBAA65BF0D3F01A520545 /* Pods_UVITests.framework */,
				2C412FDB4EA7A3080B8C6877 /* Pods_UVIUITests.framework */,
				C4B2D3C1828AFEC372AB9C7C /* Pods_UVIRealm.framework */,
				FA4C699C93FB78096EAB759E /* Pods_UVIRealmTests.framework */,
				618D4738BD450451649D68B4 /* Pods_UVIComponents.framework */,
				F4622D062038C7745BE869AD /* Pods_UVIComponentsTests.framework */,
			);
			name = Frameworks;
			sourceTree = "<group>";
		};
/* End PBXGroup section */

/* Begin PBXHeadersBuildPhase section */
		34449AD71E7E42A400E78E15 /* Headers */ = {
			isa = PBXHeadersBuildPhase;
			buildActionMask = 2147483647;
			files = (
				34449AEC1E7E42A500E78E15 /* UVIRealm.h in Headers */,
			);
			runOnlyForDeploymentPostprocessing = 0;
		};
		34449AFA1E7E444600E78E15 /* Headers */ = {
			isa = PBXHeadersBuildPhase;
			buildActionMask = 2147483647;
			files = (
				34449B0F1E7E444700E78E15 /* UVIComponents.h in Headers */,
			);
			runOnlyForDeploymentPostprocessing = 0;
		};
/* End PBXHeadersBuildPhase section */

/* Begin PBXNativeTarget section */
		34449AD91E7E42A400E78E15 /* UVIRealm */ = {
			isa = PBXNativeTarget;
			buildConfigurationList = 34449AF51E7E42A500E78E15 /* Build configuration list for PBXNativeTarget "UVIRealm" */;
			buildPhases = (
				3A8FA9EC8460F24E094CAE13 /* [CP] Check Pods Manifest.lock */,
				34449AD51E7E42A400E78E15 /* Sources */,
				34449AD61E7E42A400E78E15 /* Frameworks */,
				34449AD71E7E42A400E78E15 /* Headers */,
				34449AD81E7E42A400E78E15 /* Resources */,
				53C2023B4DAD70E7EB5B9301 /* [CP] Copy Pods Resources */,
			);
			buildRules = (
			);
			dependencies = (
			);
			name = UVIRealm;
			productName = UVIRealm;
			productReference = 34449ADA1E7E42A400E78E15 /* UVIRealm.framework */;
			productType = "com.apple.product-type.framework";
		};
		34449AE11E7E42A500E78E15 /* UVIRealmTests */ = {
			isa = PBXNativeTarget;
			buildConfigurationList = 34449AF71E7E42A500E78E15 /* Build configuration list for PBXNativeTarget "UVIRealmTests" */;
			buildPhases = (
				B0786AA282AF8A9B3DF111AB /* [CP] Check Pods Manifest.lock */,
				34449ADE1E7E42A500E78E15 /* Sources */,
				34449ADF1E7E42A500E78E15 /* Frameworks */,
				34449AE01E7E42A500E78E15 /* Resources */,
				A390B54ABD7DA11A7037DCD4 /* [CP] Embed Pods Frameworks */,
				875C9C330B72B87C9280702F /* [CP] Copy Pods Resources */,
			);
			buildRules = (
			);
			dependencies = (
				34449AE51E7E42A500E78E15 /* PBXTargetDependency */,
				34449AE71E7E42A500E78E15 /* PBXTargetDependency */,
			);
			name = UVIRealmTests;
			productName = UVIRealmTests;
			productReference = 34449AE21E7E42A500E78E15 /* UVIRealmTests.xctest */;
			productType = "com.apple.product-type.bundle.unit-test";
		};
		34449AFC1E7E444600E78E15 /* UVIComponents */ = {
			isa = PBXNativeTarget;
			buildConfigurationList = 34449B141E7E444700E78E15 /* Build configuration list for PBXNativeTarget "UVIComponents" */;
			buildPhases = (
				FABC1792B559A7413EF8A75E /* [CP] Check Pods Manifest.lock */,
				34449AF81E7E444600E78E15 /* Sources */,
				34449AF91E7E444600E78E15 /* Frameworks */,
				34449AFA1E7E444600E78E15 /* Headers */,
				34449AFB1E7E444600E78E15 /* Resources */,
				27010295AB6425DE613870B6 /* [CP] Copy Pods Resources */,
			);
			buildRules = (
			);
			dependencies = (
			);
			name = UVIComponents;
			productName = UVIComponents;
			productReference = 34449AFD1E7E444600E78E15 /* UVIComponents.framework */;
			productType = "com.apple.product-type.framework";
		};
		34449B041E7E444700E78E15 /* UVIComponentsTests */ = {
			isa = PBXNativeTarget;
			buildConfigurationList = 34449B171E7E444700E78E15 /* Build configuration list for PBXNativeTarget "UVIComponentsTests" */;
			buildPhases = (
				47BD5B758C5FCDD299F81842 /* [CP] Check Pods Manifest.lock */,
				34449B011E7E444700E78E15 /* Sources */,
				34449B021E7E444700E78E15 /* Frameworks */,
				34449B031E7E444700E78E15 /* Resources */,
				B04CB390D081AB446CD7FF9C /* [CP] Embed Pods Frameworks */,
				B1AB275E655AF15AD451C235 /* [CP] Copy Pods Resources */,
			);
			buildRules = (
			);
			dependencies = (
				34449B081E7E444700E78E15 /* PBXTargetDependency */,
				34449B0A1E7E444700E78E15 /* PBXTargetDependency */,
			);
			name = UVIComponentsTests;
			productName = UVIComponentsTests;
			productReference = 34449B051E7E444700E78E15 /* UVIComponentsTests.xctest */;
			productType = "com.apple.product-type.bundle.unit-test";
		};
		344F08501E71D6BF00011081 /* UVI */ = {
			isa = PBXNativeTarget;
			buildConfigurationList = 344F08791E71D6BF00011081 /* Build configuration list for PBXNativeTarget "UVI" */;
			buildPhases = (
				F4DA12D5D60C3749765AF44E /* [CP] Check Pods Manifest.lock */,
				344F084D1E71D6BF00011081 /* Sources */,
				344F084E1E71D6BF00011081 /* Frameworks */,
				344F084F1E71D6BF00011081 /* Resources */,
				C876EE446DA85C7D42C4A385 /* [CP] Embed Pods Frameworks */,
				7F3679F8A9F18C61301FBBB6 /* [CP] Copy Pods Resources */,
				344F08821E71D84500011081 /* ShellScript */,
				34449AF61E7E42A500E78E15 /* Embed Frameworks */,
			);
			buildRules = (
			);
			dependencies = (
				34449AEE1E7E42A500E78E15 /* PBXTargetDependency */,
				34449B111E7E444700E78E15 /* PBXTargetDependency */,
			);
			name = UVI;
			productName = UVI;
			productReference = 344F08511E71D6BF00011081 /* UVI.app */;
			productType = "com.apple.product-type.application";
		};
		344F08641E71D6BF00011081 /* UVITests */ = {
			isa = PBXNativeTarget;
			buildConfigurationList = 344F087C1E71D6BF00011081 /* Build configuration list for PBXNativeTarget "UVITests" */;
			buildPhases = (
				1558C4D721F63C4A898FE80F /* [CP] Check Pods Manifest.lock */,
				344F08611E71D6BF00011081 /* Sources */,
				344F08621E71D6BF00011081 /* Frameworks */,
				344F08631E71D6BF00011081 /* Resources */,
				D0DBE0FC72AB383C7C018023 /* [CP] Embed Pods Frameworks */,
				847E904746AE73148BEBC4D7 /* [CP] Copy Pods Resources */,
			);
			buildRules = (
			);
			dependencies = (
				344F08671E71D6BF00011081 /* PBXTargetDependency */,
			);
			name = UVITests;
			productName = UVITests;
			productReference = 344F08651E71D6BF00011081 /* UVITests.xctest */;
			productType = "com.apple.product-type.bundle.unit-test";
		};
		344F086F1E71D6BF00011081 /* UVIUITests */ = {
			isa = PBXNativeTarget;
			buildConfigurationList = 344F087F1E71D6BF00011081 /* Build configuration list for PBXNativeTarget "UVIUITests" */;
			buildPhases = (
				F4EE9A02EF4BF9D4E6F4833F /* [CP] Check Pods Manifest.lock */,
				344F086C1E71D6BF00011081 /* Sources */,
				344F086D1E71D6BF00011081 /* Frameworks */,
				344F086E1E71D6BF00011081 /* Resources */,
				99E26DD71E1EC37F3B21FE48 /* [CP] Embed Pods Frameworks */,
				A57F456344CB8A5DE4B78B38 /* [CP] Copy Pods Resources */,
			);
			buildRules = (
			);
			dependencies = (
				344F08721E71D6BF00011081 /* PBXTargetDependency */,
			);
			name = UVIUITests;
			productName = UVIUITests;
			productReference = 344F08701E71D6BF00011081 /* UVIUITests.xctest */;
			productType = "com.apple.product-type.bundle.ui-testing";
		};
/* End PBXNativeTarget section */

/* Begin PBXProject section */
		344F08491E71D6BF00011081 /* Project object */ = {
			isa = PBXProject;
			attributes = {
				LastSwiftUpdateCheck = 0820;
				LastUpgradeCheck = 0820;
				ORGANIZATIONNAME = Transformers;
				TargetAttributes = {
					34449AD91E7E42A400E78E15 = {
						CreatedOnToolsVersion = 8.2.1;
						DevelopmentTeam = T284UZDTGP;
						ProvisioningStyle = Automatic;
					};
					34449AE11E7E42A500E78E15 = {
						CreatedOnToolsVersion = 8.2.1;
						DevelopmentTeam = 6WD23SDQ5H;
						ProvisioningStyle = Automatic;
						TestTargetID = 344F08501E71D6BF00011081;
					};
					34449AFC1E7E444600E78E15 = {
						CreatedOnToolsVersion = 8.2.1;
						DevelopmentTeam = T284UZDTGP;
						ProvisioningStyle = Automatic;
					};
					34449B041E7E444700E78E15 = {
						CreatedOnToolsVersion = 8.2.1;
						DevelopmentTeam = 6WD23SDQ5H;
						ProvisioningStyle = Automatic;
						TestTargetID = 344F08501E71D6BF00011081;
					};
					344F08501E71D6BF00011081 = {
						CreatedOnToolsVersion = 8.2.1;
						DevelopmentTeam = T284UZDTGP;
						ProvisioningStyle = Automatic;
					};
					344F08641E71D6BF00011081 = {
						CreatedOnToolsVersion = 8.2.1;
						ProvisioningStyle = Automatic;
						TestTargetID = 344F08501E71D6BF00011081;
					};
					344F086F1E71D6BF00011081 = {
						CreatedOnToolsVersion = 8.2.1;
						ProvisioningStyle = Automatic;
						TestTargetID = 344F08501E71D6BF00011081;
					};
				};
			};
			buildConfigurationList = 344F084C1E71D6BF00011081 /* Build configuration list for PBXProject "UVI" */;
			compatibilityVersion = "Xcode 3.2";
			developmentRegion = English;
			hasScannedForEncodings = 0;
			knownRegions = (
				en,
				Base,
			);
			mainGroup = 344F08481E71D6BF00011081;
			productRefGroup = 344F08521E71D6BF00011081 /* Products */;
			projectDirPath = "";
			projectRoot = "";
			targets = (
				344F08501E71D6BF00011081 /* UVI */,
				344F08641E71D6BF00011081 /* UVITests */,
				344F086F1E71D6BF00011081 /* UVIUITests */,
				34449AD91E7E42A400E78E15 /* UVIRealm */,
				34449AE11E7E42A500E78E15 /* UVIRealmTests */,
				34449AFC1E7E444600E78E15 /* UVIComponents */,
				34449B041E7E444700E78E15 /* UVIComponentsTests */,
			);
		};
/* End PBXProject section */

/* Begin PBXResourcesBuildPhase section */
		34449AD81E7E42A400E78E15 /* Resources */ = {
			isa = PBXResourcesBuildPhase;
			buildActionMask = 2147483647;
			files = (
			);
			runOnlyForDeploymentPostprocessing = 0;
		};
		34449AE01E7E42A500E78E15 /* Resources */ = {
			isa = PBXResourcesBuildPhase;
			buildActionMask = 2147483647;
			files = (
			);
			runOnlyForDeploymentPostprocessing = 0;
		};
		34449AFB1E7E444600E78E15 /* Resources */ = {
			isa = PBXResourcesBuildPhase;
			buildActionMask = 2147483647;
			files = (
			);
			runOnlyForDeploymentPostprocessing = 0;
		};
		34449B031E7E444700E78E15 /* Resources */ = {
			isa = PBXResourcesBuildPhase;
			buildActionMask = 2147483647;
			files = (
			);
			runOnlyForDeploymentPostprocessing = 0;
		};
		344F084F1E71D6BF00011081 /* Resources */ = {
			isa = PBXResourcesBuildPhase;
			buildActionMask = 2147483647;
			files = (
				344F085F1E71D6BF00011081 /* LaunchScreen.storyboard in Resources */,
				344F085C1E71D6BF00011081 /* Assets.xcassets in Resources */,
			);
			runOnlyForDeploymentPostprocessing = 0;
		};
		344F08631E71D6BF00011081 /* Resources */ = {
			isa = PBXResourcesBuildPhase;
			buildActionMask = 2147483647;
			files = (
			);
			runOnlyForDeploymentPostprocessing = 0;
		};
		344F086E1E71D6BF00011081 /* Resources */ = {
			isa = PBXResourcesBuildPhase;
			buildActionMask = 2147483647;
			files = (
			);
			runOnlyForDeploymentPostprocessing = 0;
		};
/* End PBXResourcesBuildPhase section */

/* Begin PBXShellScriptBuildPhase section */
		1558C4D721F63C4A898FE80F /* [CP] Check Pods Manifest.lock */ = {
			isa = PBXShellScriptBuildPhase;
			buildActionMask = 2147483647;
			files = (
			);
			inputPaths = (
			);
			name = "[CP] Check Pods Manifest.lock";
			outputPaths = (
			);
			runOnlyForDeploymentPostprocessing = 0;
			shellPath = /bin/sh;
			shellScript = "diff \"${PODS_ROOT}/../Podfile.lock\" \"${PODS_ROOT}/Manifest.lock\" > /dev/null\nif [ $? != 0 ] ; then\n    # print error to STDERR\n    echo \"error: The sandbox is not in sync with the Podfile.lock. Run 'pod install' or update your CocoaPods installation.\" >&2\n    exit 1\nfi\n";
			showEnvVarsInLog = 0;
		};
		27010295AB6425DE613870B6 /* [CP] Copy Pods Resources */ = {
			isa = PBXShellScriptBuildPhase;
			buildActionMask = 2147483647;
			files = (
			);
			inputPaths = (
			);
			name = "[CP] Copy Pods Resources";
			outputPaths = (
			);
			runOnlyForDeploymentPostprocessing = 0;
			shellPath = /bin/sh;
			shellScript = "\"${SRCROOT}/Pods/Target Support Files/Pods-UVIComponents/Pods-UVIComponents-resources.sh\"\n";
			showEnvVarsInLog = 0;
		};
		344F08821E71D84500011081 /* ShellScript */ = {
			isa = PBXShellScriptBuildPhase;
			buildActionMask = 2147483647;
			files = (
			);
			inputPaths = (
			);
			outputPaths = (
			);
			runOnlyForDeploymentPostprocessing = 0;
			shellPath = /bin/sh;
			shellScript = "\"${PODS_ROOT}/SwiftLint/swiftlint\"";
		};
		3A8FA9EC8460F24E094CAE13 /* [CP] Check Pods Manifest.lock */ = {
			isa = PBXShellScriptBuildPhase;
			buildActionMask = 2147483647;
			files = (
			);
			inputPaths = (
			);
			name = "[CP] Check Pods Manifest.lock";
			outputPaths = (
			);
			runOnlyForDeploymentPostprocessing = 0;
			shellPath = /bin/sh;
			shellScript = "diff \"${PODS_ROOT}/../Podfile.lock\" \"${PODS_ROOT}/Manifest.lock\" > /dev/null\nif [ $? != 0 ] ; then\n    # print error to STDERR\n    echo \"error: The sandbox is not in sync with the Podfile.lock. Run 'pod install' or update your CocoaPods installation.\" >&2\n    exit 1\nfi\n";
			showEnvVarsInLog = 0;
		};
		47BD5B758C5FCDD299F81842 /* [CP] Check Pods Manifest.lock */ = {
			isa = PBXShellScriptBuildPhase;
			buildActionMask = 2147483647;
			files = (
			);
			inputPaths = (
			);
			name = "[CP] Check Pods Manifest.lock";
			outputPaths = (
			);
			runOnlyForDeploymentPostprocessing = 0;
			shellPath = /bin/sh;
			shellScript = "diff \"${PODS_ROOT}/../Podfile.lock\" \"${PODS_ROOT}/Manifest.lock\" > /dev/null\nif [ $? != 0 ] ; then\n    # print error to STDERR\n    echo \"error: The sandbox is not in sync with the Podfile.lock. Run 'pod install' or update your CocoaPods installation.\" >&2\n    exit 1\nfi\n";
			showEnvVarsInLog = 0;
		};
		53C2023B4DAD70E7EB5B9301 /* [CP] Copy Pods Resources */ = {
			isa = PBXShellScriptBuildPhase;
			buildActionMask = 2147483647;
			files = (
			);
			inputPaths = (
			);
			name = "[CP] Copy Pods Resources";
			outputPaths = (
			);
			runOnlyForDeploymentPostprocessing = 0;
			shellPath = /bin/sh;
			shellScript = "\"${SRCROOT}/Pods/Target Support Files/Pods-UVIRealm/Pods-UVIRealm-resources.sh\"\n";
			showEnvVarsInLog = 0;
		};
		7F3679F8A9F18C61301FBBB6 /* [CP] Copy Pods Resources */ = {
			isa = PBXShellScriptBuildPhase;
			buildActionMask = 2147483647;
			files = (
			);
			inputPaths = (
			);
			name = "[CP] Copy Pods Resources";
			outputPaths = (
			);
			runOnlyForDeploymentPostprocessing = 0;
			shellPath = /bin/sh;
			shellScript = "\"${SRCROOT}/Pods/Target Support Files/Pods-UVI/Pods-UVI-resources.sh\"\n";
			showEnvVarsInLog = 0;
		};
		847E904746AE73148BEBC4D7 /* [CP] Copy Pods Resources */ = {
			isa = PBXShellScriptBuildPhase;
			buildActionMask = 2147483647;
			files = (
			);
			inputPaths = (
			);
			name = "[CP] Copy Pods Resources";
			outputPaths = (
			);
			runOnlyForDeploymentPostprocessing = 0;
			shellPath = /bin/sh;
			shellScript = "\"${SRCROOT}/Pods/Target Support Files/Pods-UVITests/Pods-UVITests-resources.sh\"\n";
			showEnvVarsInLog = 0;
		};
		875C9C330B72B87C9280702F /* [CP] Copy Pods Resources */ = {
			isa = PBXShellScriptBuildPhase;
			buildActionMask = 2147483647;
			files = (
			);
			inputPaths = (
			);
			name = "[CP] Copy Pods Resources";
			outputPaths = (
			);
			runOnlyForDeploymentPostprocessing = 0;
			shellPath = /bin/sh;
			shellScript = "\"${SRCROOT}/Pods/Target Support Files/Pods-UVIRealmTests/Pods-UVIRealmTests-resources.sh\"\n";
			showEnvVarsInLog = 0;
		};
		99E26DD71E1EC37F3B21FE48 /* [CP] Embed Pods Frameworks */ = {
			isa = PBXShellScriptBuildPhase;
			buildActionMask = 2147483647;
			files = (
			);
			inputPaths = (
			);
			name = "[CP] Embed Pods Frameworks";
			outputPaths = (
			);
			runOnlyForDeploymentPostprocessing = 0;
			shellPath = /bin/sh;
			shellScript = "\"${SRCROOT}/Pods/Target Support Files/Pods-UVIUITests/Pods-UVIUITests-frameworks.sh\"\n";
			showEnvVarsInLog = 0;
		};
		A390B54ABD7DA11A7037DCD4 /* [CP] Embed Pods Frameworks */ = {
			isa = PBXShellScriptBuildPhase;
			buildActionMask = 2147483647;
			files = (
			);
			inputPaths = (
			);
			name = "[CP] Embed Pods Frameworks";
			outputPaths = (
			);
			runOnlyForDeploymentPostprocessing = 0;
			shellPath = /bin/sh;
			shellScript = "\"${SRCROOT}/Pods/Target Support Files/Pods-UVIRealmTests/Pods-UVIRealmTests-frameworks.sh\"\n";
			showEnvVarsInLog = 0;
		};
		A57F456344CB8A5DE4B78B38 /* [CP] Copy Pods Resources */ = {
			isa = PBXShellScriptBuildPhase;
			buildActionMask = 2147483647;
			files = (
			);
			inputPaths = (
			);
			name = "[CP] Copy Pods Resources";
			outputPaths = (
			);
			runOnlyForDeploymentPostprocessing = 0;
			shellPath = /bin/sh;
			shellScript = "\"${SRCROOT}/Pods/Target Support Files/Pods-UVIUITests/Pods-UVIUITests-resources.sh\"\n";
			showEnvVarsInLog = 0;
		};
		B04CB390D081AB446CD7FF9C /* [CP] Embed Pods Frameworks */ = {
			isa = PBXShellScriptBuildPhase;
			buildActionMask = 2147483647;
			files = (
			);
			inputPaths = (
			);
			name = "[CP] Embed Pods Frameworks";
			outputPaths = (
			);
			runOnlyForDeploymentPostprocessing = 0;
			shellPath = /bin/sh;
			shellScript = "\"${SRCROOT}/Pods/Target Support Files/Pods-UVIComponentsTests/Pods-UVIComponentsTests-frameworks.sh\"\n";
			showEnvVarsInLog = 0;
		};
		B0786AA282AF8A9B3DF111AB /* [CP] Check Pods Manifest.lock */ = {
			isa = PBXShellScriptBuildPhase;
			buildActionMask = 2147483647;
			files = (
			);
			inputPaths = (
			);
			name = "[CP] Check Pods Manifest.lock";
			outputPaths = (
			);
			runOnlyForDeploymentPostprocessing = 0;
			shellPath = /bin/sh;
			shellScript = "diff \"${PODS_ROOT}/../Podfile.lock\" \"${PODS_ROOT}/Manifest.lock\" > /dev/null\nif [ $? != 0 ] ; then\n    # print error to STDERR\n    echo \"error: The sandbox is not in sync with the Podfile.lock. Run 'pod install' or update your CocoaPods installation.\" >&2\n    exit 1\nfi\n";
			showEnvVarsInLog = 0;
		};
		B1AB275E655AF15AD451C235 /* [CP] Copy Pods Resources */ = {
			isa = PBXShellScriptBuildPhase;
			buildActionMask = 2147483647;
			files = (
			);
			inputPaths = (
			);
			name = "[CP] Copy Pods Resources";
			outputPaths = (
			);
			runOnlyForDeploymentPostprocessing = 0;
			shellPath = /bin/sh;
			shellScript = "\"${SRCROOT}/Pods/Target Support Files/Pods-UVIComponentsTests/Pods-UVIComponentsTests-resources.sh\"\n";
			showEnvVarsInLog = 0;
		};
		C876EE446DA85C7D42C4A385 /* [CP] Embed Pods Frameworks */ = {
			isa = PBXShellScriptBuildPhase;
			buildActionMask = 2147483647;
			files = (
			);
			inputPaths = (
			);
			name = "[CP] Embed Pods Frameworks";
			outputPaths = (
			);
			runOnlyForDeploymentPostprocessing = 0;
			shellPath = /bin/sh;
			shellScript = "\"${SRCROOT}/Pods/Target Support Files/Pods-UVI/Pods-UVI-frameworks.sh\"\n";
			showEnvVarsInLog = 0;
		};
		D0DBE0FC72AB383C7C018023 /* [CP] Embed Pods Frameworks */ = {
			isa = PBXShellScriptBuildPhase;
			buildActionMask = 2147483647;
			files = (
			);
			inputPaths = (
			);
			name = "[CP] Embed Pods Frameworks";
			outputPaths = (
			);
			runOnlyForDeploymentPostprocessing = 0;
			shellPath = /bin/sh;
			shellScript = "\"${SRCROOT}/Pods/Target Support Files/Pods-UVITests/Pods-UVITests-frameworks.sh\"\n";
			showEnvVarsInLog = 0;
		};
		F4DA12D5D60C3749765AF44E /* [CP] Check Pods Manifest.lock */ = {
			isa = PBXShellScriptBuildPhase;
			buildActionMask = 2147483647;
			files = (
			);
			inputPaths = (
			);
			name = "[CP] Check Pods Manifest.lock";
			outputPaths = (
			);
			runOnlyForDeploymentPostprocessing = 0;
			shellPath = /bin/sh;
			shellScript = "diff \"${PODS_ROOT}/../Podfile.lock\" \"${PODS_ROOT}/Manifest.lock\" > /dev/null\nif [ $? != 0 ] ; then\n    # print error to STDERR\n    echo \"error: The sandbox is not in sync with the Podfile.lock. Run 'pod install' or update your CocoaPods installation.\" >&2\n    exit 1\nfi\n";
			showEnvVarsInLog = 0;
		};
		F4EE9A02EF4BF9D4E6F4833F /* [CP] Check Pods Manifest.lock */ = {
			isa = PBXShellScriptBuildPhase;
			buildActionMask = 2147483647;
			files = (
			);
			inputPaths = (
			);
			name = "[CP] Check Pods Manifest.lock";
			outputPaths = (
			);
			runOnlyForDeploymentPostprocessing = 0;
			shellPath = /bin/sh;
			shellScript = "diff \"${PODS_ROOT}/../Podfile.lock\" \"${PODS_ROOT}/Manifest.lock\" > /dev/null\nif [ $? != 0 ] ; then\n    # print error to STDERR\n    echo \"error: The sandbox is not in sync with the Podfile.lock. Run 'pod install' or update your CocoaPods installation.\" >&2\n    exit 1\nfi\n";
			showEnvVarsInLog = 0;
		};
		FABC1792B559A7413EF8A75E /* [CP] Check Pods Manifest.lock */ = {
			isa = PBXShellScriptBuildPhase;
			buildActionMask = 2147483647;
			files = (
			);
			inputPaths = (
			);
			name = "[CP] Check Pods Manifest.lock";
			outputPaths = (
			);
			runOnlyForDeploymentPostprocessing = 0;
			shellPath = /bin/sh;
			shellScript = "diff \"${PODS_ROOT}/../Podfile.lock\" \"${PODS_ROOT}/Manifest.lock\" > /dev/null\nif [ $? != 0 ] ; then\n    # print error to STDERR\n    echo \"error: The sandbox is not in sync with the Podfile.lock. Run 'pod install' or update your CocoaPods installation.\" >&2\n    exit 1\nfi\n";
			showEnvVarsInLog = 0;
		};
/* End PBXShellScriptBuildPhase section */

/* Begin PBXSourcesBuildPhase section */
		34449AD51E7E42A400E78E15 /* Sources */ = {
			isa = PBXSourcesBuildPhase;
			buildActionMask = 2147483647;
			files = (
			);
			runOnlyForDeploymentPostprocessing = 0;
		};
		34449ADE1E7E42A500E78E15 /* Sources */ = {
			isa = PBXSourcesBuildPhase;
			buildActionMask = 2147483647;
			files = (
				34449AEA1E7E42A500E78E15 /* UVIRealmTests.swift in Sources */,
			);
			runOnlyForDeploymentPostprocessing = 0;
		};
		34449AF81E7E444600E78E15 /* Sources */ = {
			isa = PBXSourcesBuildPhase;
			buildActionMask = 2147483647;
			files = (
			);
			runOnlyForDeploymentPostprocessing = 0;
		};
		34449B011E7E444700E78E15 /* Sources */ = {
			isa = PBXSourcesBuildPhase;
			buildActionMask = 2147483647;
			files = (
				34449B0D1E7E444700E78E15 /* UVIComponentsTests.swift in Sources */,
			);
			runOnlyForDeploymentPostprocessing = 0;
		};
		344F084D1E71D6BF00011081 /* Sources */ = {
			isa = PBXSourcesBuildPhase;
			buildActionMask = 2147483647;
			files = (
				344F08571E71D6BF00011081 /* ViewController.swift in Sources */,
				344F08551E71D6BF00011081 /* AppDelegate.swift in Sources */,
			);
			runOnlyForDeploymentPostprocessing = 0;
		};
		344F08611E71D6BF00011081 /* Sources */ = {
			isa = PBXSourcesBuildPhase;
			buildActionMask = 2147483647;
			files = (
				344F086A1E71D6BF00011081 /* UVITests.swift in Sources */,
			);
			runOnlyForDeploymentPostprocessing = 0;
		};
		344F086C1E71D6BF00011081 /* Sources */ = {
			isa = PBXSourcesBuildPhase;
			buildActionMask = 2147483647;
			files = (
				344F08751E71D6BF00011081 /* UVIUITests.swift in Sources */,
			);
			runOnlyForDeploymentPostprocessing = 0;
		};
/* End PBXSourcesBuildPhase section */

/* Begin PBXTargetDependency section */
		34449AE51E7E42A500E78E15 /* PBXTargetDependency */ = {
			isa = PBXTargetDependency;
			target = 34449AD91E7E42A400E78E15 /* UVIRealm */;
			targetProxy = 34449AE41E7E42A500E78E15 /* PBXContainerItemProxy */;
		};
		34449AE71E7E42A500E78E15 /* PBXTargetDependency */ = {
			isa = PBXTargetDependency;
			target = 344F08501E71D6BF00011081 /* UVI */;
			targetProxy = 34449AE61E7E42A500E78E15 /* PBXContainerItemProxy */;
		};
		34449AEE1E7E42A500E78E15 /* PBXTargetDependency */ = {
			isa = PBXTargetDependency;
			target = 34449AD91E7E42A400E78E15 /* UVIRealm */;
			targetProxy = 34449AED1E7E42A500E78E15 /* PBXContainerItemProxy */;
		};
		34449B081E7E444700E78E15 /* PBXTargetDependency */ = {
			isa = PBXTargetDependency;
			target = 34449AFC1E7E444600E78E15 /* UVIComponents */;
			targetProxy = 34449B071E7E444700E78E15 /* PBXContainerItemProxy */;
		};
		34449B0A1E7E444700E78E15 /* PBXTargetDependency */ = {
			isa = PBXTargetDependency;
			target = 344F08501E71D6BF00011081 /* UVI */;
			targetProxy = 34449B091E7E444700E78E15 /* PBXContainerItemProxy */;
		};
		34449B111E7E444700E78E15 /* PBXTargetDependency */ = {
			isa = PBXTargetDependency;
			target = 34449AFC1E7E444600E78E15 /* UVIComponents */;
			targetProxy = 34449B101E7E444700E78E15 /* PBXContainerItemProxy */;
		};
		344F08671E71D6BF00011081 /* PBXTargetDependency */ = {
			isa = PBXTargetDependency;
			target = 344F08501E71D6BF00011081 /* UVI */;
			targetProxy = 344F08661E71D6BF00011081 /* PBXContainerItemProxy */;
		};
		344F08721E71D6BF00011081 /* PBXTargetDependency */ = {
			isa = PBXTargetDependency;
			target = 344F08501E71D6BF00011081 /* UVI */;
			targetProxy = 344F08711E71D6BF00011081 /* PBXContainerItemProxy */;
		};
/* End PBXTargetDependency section */

/* Begin PBXVariantGroup section */
		344F085D1E71D6BF00011081 /* LaunchScreen.storyboard */ = {
			isa = PBXVariantGroup;
			children = (
				344F085E1E71D6BF00011081 /* Base */,
			);
			name = LaunchScreen.storyboard;
			sourceTree = "<group>";
		};
/* End PBXVariantGroup section */

/* Begin XCBuildConfiguration section */
		34449AF11E7E42A500E78E15 /* Debug */ = {
			isa = XCBuildConfiguration;
			baseConfigurationReference = 2C0DA7C4EC1A93E2414D808C /* Pods-UVIRealm.debug.xcconfig */;
			buildSettings = {
				CODE_SIGN_IDENTITY = "";
				CURRENT_PROJECT_VERSION = 1;
				DEFINES_MODULE = YES;
				DEVELOPMENT_TEAM = T284UZDTGP;
				DYLIB_COMPATIBILITY_VERSION = 1;
				DYLIB_CURRENT_VERSION = 1;
				DYLIB_INSTALL_NAME_BASE = "@rpath";
				INFOPLIST_FILE = UVIRealm/Info.plist;
				INSTALL_PATH = "$(LOCAL_LIBRARY_DIR)/Frameworks";
				IPHONEOS_DEPLOYMENT_TARGET = 9.0;
				LD_RUNPATH_SEARCH_PATHS = "$(inherited) @executable_path/Frameworks @loader_path/Frameworks";
				PRODUCT_BUNDLE_IDENTIFIER = com.github.shaneqi.UVIRealm;
				PRODUCT_NAME = "$(TARGET_NAME)";
				SKIP_INSTALL = YES;
				SWIFT_VERSION = 3.0;
				TARGETED_DEVICE_FAMILY = "1,2";
				VERSIONING_SYSTEM = "apple-generic";
				VERSION_INFO_PREFIX = "";
			};
			name = Debug;
		};
		34449AF21E7E42A500E78E15 /* Release */ = {
			isa = XCBuildConfiguration;
			baseConfigurationReference = 3E43B3C1DC213B9F6F72E18A /* Pods-UVIRealm.release.xcconfig */;
			buildSettings = {
				CODE_SIGN_IDENTITY = "";
				CURRENT_PROJECT_VERSION = 1;
				DEFINES_MODULE = YES;
				DEVELOPMENT_TEAM = T284UZDTGP;
				DYLIB_COMPATIBILITY_VERSION = 1;
				DYLIB_CURRENT_VERSION = 1;
				DYLIB_INSTALL_NAME_BASE = "@rpath";
				INFOPLIST_FILE = UVIRealm/Info.plist;
				INSTALL_PATH = "$(LOCAL_LIBRARY_DIR)/Frameworks";
				IPHONEOS_DEPLOYMENT_TARGET = 9.0;
				LD_RUNPATH_SEARCH_PATHS = "$(inherited) @executable_path/Frameworks @loader_path/Frameworks";
				PRODUCT_BUNDLE_IDENTIFIER = com.github.shaneqi.UVIRealm;
				PRODUCT_NAME = "$(TARGET_NAME)";
				SKIP_INSTALL = YES;
				SWIFT_VERSION = 3.0;
				TARGETED_DEVICE_FAMILY = "1,2";
				VERSIONING_SYSTEM = "apple-generic";
				VERSION_INFO_PREFIX = "";
			};
			name = Release;
		};
		34449AF31E7E42A500E78E15 /* Debug */ = {
			isa = XCBuildConfiguration;
			baseConfigurationReference = EE7DD5AFD81C8BF649C58B6E /* Pods-UVIRealmTests.debug.xcconfig */;
			buildSettings = {
				ALWAYS_EMBED_SWIFT_STANDARD_LIBRARIES = YES;
				DEVELOPMENT_TEAM = 6WD23SDQ5H;
				INFOPLIST_FILE = UVIRealmTests/Info.plist;
				LD_RUNPATH_SEARCH_PATHS = "$(inherited) @executable_path/Frameworks @loader_path/Frameworks";
				PRODUCT_BUNDLE_IDENTIFIER = com.github.shaneqi.UVIRealmTests;
				PRODUCT_NAME = "$(TARGET_NAME)";
				SWIFT_VERSION = 3.0;
				TEST_HOST = "$(BUILT_PRODUCTS_DIR)/UVI.app/UVI";
			};
			name = Debug;
		};
		34449AF41E7E42A500E78E15 /* Release */ = {
			isa = XCBuildConfiguration;
			baseConfigurationReference = AB5B8B85D0CFB26851893EEE /* Pods-UVIRealmTests.release.xcconfig */;
			buildSettings = {
				ALWAYS_EMBED_SWIFT_STANDARD_LIBRARIES = YES;
				DEVELOPMENT_TEAM = 6WD23SDQ5H;
				INFOPLIST_FILE = UVIRealmTests/Info.plist;
				LD_RUNPATH_SEARCH_PATHS = "$(inherited) @executable_path/Frameworks @loader_path/Frameworks";
				PRODUCT_BUNDLE_IDENTIFIER = com.github.shaneqi.UVIRealmTests;
				PRODUCT_NAME = "$(TARGET_NAME)";
				SWIFT_VERSION = 3.0;
				TEST_HOST = "$(BUILT_PRODUCTS_DIR)/UVI.app/UVI";
			};
			name = Release;
		};
		34449B151E7E444700E78E15 /* Debug */ = {
			isa = XCBuildConfiguration;
			baseConfigurationReference = 8D1AE1E1CAC981A97CAD4045 /* Pods-UVIComponents.debug.xcconfig */;
			buildSettings = {
				CODE_SIGN_IDENTITY = "";
				CURRENT_PROJECT_VERSION = 1;
				DEFINES_MODULE = YES;
				DEVELOPMENT_TEAM = T284UZDTGP;
				DYLIB_COMPATIBILITY_VERSION = 1;
				DYLIB_CURRENT_VERSION = 1;
				DYLIB_INSTALL_NAME_BASE = "@rpath";
				INFOPLIST_FILE = UVIComponents/Info.plist;
				INSTALL_PATH = "$(LOCAL_LIBRARY_DIR)/Frameworks";
				IPHONEOS_DEPLOYMENT_TARGET = 9.0;
				LD_RUNPATH_SEARCH_PATHS = "$(inherited) @executable_path/Frameworks @loader_path/Frameworks";
				PRODUCT_BUNDLE_IDENTIFIER = com.github.shaneqi.UVIComponents;
				PRODUCT_NAME = "$(TARGET_NAME)";
				SKIP_INSTALL = YES;
				SWIFT_VERSION = 3.0;
				TARGETED_DEVICE_FAMILY = "1,2";
				VERSIONING_SYSTEM = "apple-generic";
				VERSION_INFO_PREFIX = "";
			};
			name = Debug;
		};
		34449B161E7E444700E78E15 /* Release */ = {
			isa = XCBuildConfiguration;
			baseConfigurationReference = 4DDDC97EFE7458B80E10022E /* Pods-UVIComponents.release.xcconfig */;
			buildSettings = {
				CODE_SIGN_IDENTITY = "";
				CURRENT_PROJECT_VERSION = 1;
				DEFINES_MODULE = YES;
				DEVELOPMENT_TEAM = T284UZDTGP;
				DYLIB_COMPATIBILITY_VERSION = 1;
				DYLIB_CURRENT_VERSION = 1;
				DYLIB_INSTALL_NAME_BASE = "@rpath";
				INFOPLIST_FILE = UVIComponents/Info.plist;
				INSTALL_PATH = "$(LOCAL_LIBRARY_DIR)/Frameworks";
				IPHONEOS_DEPLOYMENT_TARGET = 9.0;
				LD_RUNPATH_SEARCH_PATHS = "$(inherited) @executable_path/Frameworks @loader_path/Frameworks";
				PRODUCT_BUNDLE_IDENTIFIER = com.github.shaneqi.UVIComponents;
				PRODUCT_NAME = "$(TARGET_NAME)";
				SKIP_INSTALL = YES;
				SWIFT_VERSION = 3.0;
				TARGETED_DEVICE_FAMILY = "1,2";
				VERSIONING_SYSTEM = "apple-generic";
				VERSION_INFO_PREFIX = "";
			};
			name = Release;
		};
		34449B181E7E444700E78E15 /* Debug */ = {
			isa = XCBuildConfiguration;
			baseConfigurationReference = 0ACFE6BB9908A0C4AFC753D7 /* Pods-UVIComponentsTests.debug.xcconfig */;
			buildSettings = {
				ALWAYS_EMBED_SWIFT_STANDARD_LIBRARIES = YES;
				DEVELOPMENT_TEAM = 6WD23SDQ5H;
				INFOPLIST_FILE = UVIComponentsTests/Info.plist;
				LD_RUNPATH_SEARCH_PATHS = "$(inherited) @executable_path/Frameworks @loader_path/Frameworks";
				PRODUCT_BUNDLE_IDENTIFIER = com.github.shaneqi.UVIComponentsTests;
				PRODUCT_NAME = "$(TARGET_NAME)";
				SWIFT_VERSION = 3.0;
				TEST_HOST = "$(BUILT_PRODUCTS_DIR)/UVI.app/UVI";
			};
			name = Debug;
		};
		34449B191E7E444700E78E15 /* Release */ = {
			isa = XCBuildConfiguration;
			baseConfigurationReference = 2DE83056478B9D05405A1FAE /* Pods-UVIComponentsTests.release.xcconfig */;
			buildSettings = {
				ALWAYS_EMBED_SWIFT_STANDARD_LIBRARIES = YES;
				DEVELOPMENT_TEAM = 6WD23SDQ5H;
				INFOPLIST_FILE = UVIComponentsTests/Info.plist;
				LD_RUNPATH_SEARCH_PATHS = "$(inherited) @executable_path/Frameworks @loader_path/Frameworks";
				PRODUCT_BUNDLE_IDENTIFIER = com.github.shaneqi.UVIComponentsTests;
				PRODUCT_NAME = "$(TARGET_NAME)";
				SWIFT_VERSION = 3.0;
				TEST_HOST = "$(BUILT_PRODUCTS_DIR)/UVI.app/UVI";
			};
			name = Release;
		};
		344F08771E71D6BF00011081 /* Debug */ = {
			isa = XCBuildConfiguration;
			buildSettings = {
				ALWAYS_SEARCH_USER_PATHS = NO;
				CLANG_ANALYZER_NONNULL = YES;
				CLANG_CXX_LANGUAGE_STANDARD = "gnu++0x";
				CLANG_CXX_LIBRARY = "libc++";
				CLANG_ENABLE_MODULES = YES;
				CLANG_ENABLE_OBJC_ARC = YES;
				CLANG_WARN_BOOL_CONVERSION = YES;
				CLANG_WARN_CONSTANT_CONVERSION = YES;
				CLANG_WARN_DIRECT_OBJC_ISA_USAGE = YES_ERROR;
				CLANG_WARN_DOCUMENTATION_COMMENTS = YES;
				CLANG_WARN_EMPTY_BODY = YES;
				CLANG_WARN_ENUM_CONVERSION = YES;
				CLANG_WARN_INFINITE_RECURSION = YES;
				CLANG_WARN_INT_CONVERSION = YES;
				CLANG_WARN_OBJC_ROOT_CLASS = YES_ERROR;
				CLANG_WARN_SUSPICIOUS_MOVE = YES;
				CLANG_WARN_UNREACHABLE_CODE = YES;
				CLANG_WARN__DUPLICATE_METHOD_MATCH = YES;
				"CODE_SIGN_IDENTITY[sdk=iphoneos*]" = "iPhone Developer";
				COPY_PHASE_STRIP = NO;
				DEBUG_INFORMATION_FORMAT = dwarf;
				ENABLE_STRICT_OBJC_MSGSEND = YES;
				ENABLE_TESTABILITY = YES;
				GCC_C_LANGUAGE_STANDARD = gnu99;
				GCC_DYNAMIC_NO_PIC = NO;
				GCC_NO_COMMON_BLOCKS = YES;
				GCC_OPTIMIZATION_LEVEL = 0;
				GCC_PREPROCESSOR_DEFINITIONS = (
					"DEBUG=1",
					"$(inherited)",
				);
				GCC_WARN_64_TO_32_BIT_CONVERSION = YES;
				GCC_WARN_ABOUT_RETURN_TYPE = YES_ERROR;
				GCC_WARN_UNDECLARED_SELECTOR = YES;
				GCC_WARN_UNINITIALIZED_AUTOS = YES_AGGRESSIVE;
				GCC_WARN_UNUSED_FUNCTION = YES;
				GCC_WARN_UNUSED_VARIABLE = YES;
				IPHONEOS_DEPLOYMENT_TARGET = 10.2;
				MTL_ENABLE_DEBUG_INFO = YES;
				ONLY_ACTIVE_ARCH = YES;
				SDKROOT = iphoneos;
				SWIFT_ACTIVE_COMPILATION_CONDITIONS = DEBUG;
				SWIFT_OPTIMIZATION_LEVEL = "-Onone";
			};
			name = Debug;
		};
		344F08781E71D6BF00011081 /* Release */ = {
			isa = XCBuildConfiguration;
			buildSettings = {
				ALWAYS_SEARCH_USER_PATHS = NO;
				CLANG_ANALYZER_NONNULL = YES;
				CLANG_CXX_LANGUAGE_STANDARD = "gnu++0x";
				CLANG_CXX_LIBRARY = "libc++";
				CLANG_ENABLE_MODULES = YES;
				CLANG_ENABLE_OBJC_ARC = YES;
				CLANG_WARN_BOOL_CONVERSION = YES;
				CLANG_WARN_CONSTANT_CONVERSION = YES;
				CLANG_WARN_DIRECT_OBJC_ISA_USAGE = YES_ERROR;
				CLANG_WARN_DOCUMENTATION_COMMENTS = YES;
				CLANG_WARN_EMPTY_BODY = YES;
				CLANG_WARN_ENUM_CONVERSION = YES;
				CLANG_WARN_INFINITE_RECURSION = YES;
				CLANG_WARN_INT_CONVERSION = YES;
				CLANG_WARN_OBJC_ROOT_CLASS = YES_ERROR;
				CLANG_WARN_SUSPICIOUS_MOVE = YES;
				CLANG_WARN_UNREACHABLE_CODE = YES;
				CLANG_WARN__DUPLICATE_METHOD_MATCH = YES;
				"CODE_SIGN_IDENTITY[sdk=iphoneos*]" = "iPhone Developer";
				COPY_PHASE_STRIP = NO;
				DEBUG_INFORMATION_FORMAT = "dwarf-with-dsym";
				ENABLE_NS_ASSERTIONS = NO;
				ENABLE_STRICT_OBJC_MSGSEND = YES;
				GCC_C_LANGUAGE_STANDARD = gnu99;
				GCC_NO_COMMON_BLOCKS = YES;
				GCC_WARN_64_TO_32_BIT_CONVERSION = YES;
				GCC_WARN_ABOUT_RETURN_TYPE = YES_ERROR;
				GCC_WARN_UNDECLARED_SELECTOR = YES;
				GCC_WARN_UNINITIALIZED_AUTOS = YES_AGGRESSIVE;
				GCC_WARN_UNUSED_FUNCTION = YES;
				GCC_WARN_UNUSED_VARIABLE = YES;
				IPHONEOS_DEPLOYMENT_TARGET = 10.2;
				MTL_ENABLE_DEBUG_INFO = NO;
				SDKROOT = iphoneos;
				SWIFT_OPTIMIZATION_LEVEL = "-Owholemodule";
				VALIDATE_PRODUCT = YES;
			};
			name = Release;
		};
		344F087A1E71D6BF00011081 /* Debug */ = {
			isa = XCBuildConfiguration;
			baseConfigurationReference = 62F8F8F78168D96541F8767B /* Pods-UVI.debug.xcconfig */;
			buildSettings = {
				ASSETCATALOG_COMPILER_APPICON_NAME = AppIcon;
				DEVELOPMENT_TEAM = T284UZDTGP;
				INFOPLIST_FILE = UVI/Info.plist;
				IPHONEOS_DEPLOYMENT_TARGET = 9.0;
				LD_RUNPATH_SEARCH_PATHS = "$(inherited) @executable_path/Frameworks";
				PRODUCT_BUNDLE_IDENTIFIER = edu.utdallas.transformers.UVI;
				PRODUCT_NAME = "$(TARGET_NAME)";
				SWIFT_VERSION = 3.0;
			};
			name = Debug;
		};
		344F087B1E71D6BF00011081 /* Release */ = {
			isa = XCBuildConfiguration;
			baseConfigurationReference = FA20616AD4EA232D3FABB31B /* Pods-UVI.release.xcconfig */;
			buildSettings = {
				ASSETCATALOG_COMPILER_APPICON_NAME = AppIcon;
				DEVELOPMENT_TEAM = T284UZDTGP;
				INFOPLIST_FILE = UVI/Info.plist;
				IPHONEOS_DEPLOYMENT_TARGET = 9.0;
				LD_RUNPATH_SEARCH_PATHS = "$(inherited) @executable_path/Frameworks";
				PRODUCT_BUNDLE_IDENTIFIER = edu.utdallas.transformers.UVI;
				PRODUCT_NAME = "$(TARGET_NAME)";
				SWIFT_VERSION = 3.0;
			};
			name = Release;
		};
		344F087D1E71D6BF00011081 /* Debug */ = {
			isa = XCBuildConfiguration;
			baseConfigurationReference = B81BF107DD8CEC5BDFAF3E65 /* Pods-UVITests.debug.xcconfig */;
			buildSettings = {
				ALWAYS_EMBED_SWIFT_STANDARD_LIBRARIES = YES;
				BUNDLE_LOADER = "$(TEST_HOST)";
				INFOPLIST_FILE = UVITests/Info.plist;
				LD_RUNPATH_SEARCH_PATHS = "$(inherited) @executable_path/Frameworks @loader_path/Frameworks";
				PRODUCT_BUNDLE_IDENTIFIER = edu.utdallas.transformers.UVITests;
				PRODUCT_NAME = "$(TARGET_NAME)";
				SWIFT_VERSION = 3.0;
				TEST_HOST = "$(BUILT_PRODUCTS_DIR)/UVI.app/UVI";
			};
			name = Debug;
		};
		344F087E1E71D6BF00011081 /* Release */ = {
			isa = XCBuildConfiguration;
			baseConfigurationReference = 45316E904D842897352AF6F9 /* Pods-UVITests.release.xcconfig */;
			buildSettings = {
				ALWAYS_EMBED_SWIFT_STANDARD_LIBRARIES = YES;
				BUNDLE_LOADER = "$(TEST_HOST)";
				INFOPLIST_FILE = UVITests/Info.plist;
				LD_RUNPATH_SEARCH_PATHS = "$(inherited) @executable_path/Frameworks @loader_path/Frameworks";
				PRODUCT_BUNDLE_IDENTIFIER = edu.utdallas.transformers.UVITests;
				PRODUCT_NAME = "$(TARGET_NAME)";
				SWIFT_VERSION = 3.0;
				TEST_HOST = "$(BUILT_PRODUCTS_DIR)/UVI.app/UVI";
			};
			name = Release;
		};
		344F08801E71D6BF00011081 /* Debug */ = {
			isa = XCBuildConfiguration;
			baseConfigurationReference = 7BA9DDB37EA7AC66C6E21154 /* Pods-UVIUITests.debug.xcconfig */;
			buildSettings = {
				ALWAYS_EMBED_SWIFT_STANDARD_LIBRARIES = YES;
				INFOPLIST_FILE = UVIUITests/Info.plist;
				LD_RUNPATH_SEARCH_PATHS = "$(inherited) @executable_path/Frameworks @loader_path/Frameworks";
				PRODUCT_BUNDLE_IDENTIFIER = edu.utdallas.transformers.UVIUITests;
				PRODUCT_NAME = "$(TARGET_NAME)";
				SWIFT_VERSION = 3.0;
				TEST_TARGET_NAME = UVI;
			};
			name = Debug;
		};
		344F08811E71D6BF00011081 /* Release */ = {
			isa = XCBuildConfiguration;
			baseConfigurationReference = AD13D3C407104AEBB1BD6661 /* Pods-UVIUITests.release.xcconfig */;
			buildSettings = {
				ALWAYS_EMBED_SWIFT_STANDARD_LIBRARIES = YES;
				INFOPLIST_FILE = UVIUITests/Info.plist;
				LD_RUNPATH_SEARCH_PATHS = "$(inherited) @executable_path/Frameworks @loader_path/Frameworks";
				PRODUCT_BUNDLE_IDENTIFIER = edu.utdallas.transformers.UVIUITests;
				PRODUCT_NAME = "$(TARGET_NAME)";
				SWIFT_VERSION = 3.0;
				TEST_TARGET_NAME = UVI;
			};
			name = Release;
		};
/* End XCBuildConfiguration section */

/* Begin XCConfigurationList section */
		34449AF51E7E42A500E78E15 /* Build configuration list for PBXNativeTarget "UVIRealm" */ = {
			isa = XCConfigurationList;
			buildConfigurations = (
				34449AF11E7E42A500E78E15 /* Debug */,
				34449AF21E7E42A500E78E15 /* Release */,
			);
			defaultConfigurationIsVisible = 0;
			defaultConfigurationName = Release;
		};
		34449AF71E7E42A500E78E15 /* Build configuration list for PBXNativeTarget "UVIRealmTests" */ = {
			isa = XCConfigurationList;
			buildConfigurations = (
				34449AF31E7E42A500E78E15 /* Debug */,
				34449AF41E7E42A500E78E15 /* Release */,
			);
			defaultConfigurationIsVisible = 0;
			defaultConfigurationName = Release;
		};
		34449B141E7E444700E78E15 /* Build configuration list for PBXNativeTarget "UVIComponents" */ = {
			isa = XCConfigurationList;
			buildConfigurations = (
				34449B151E7E444700E78E15 /* Debug */,
				34449B161E7E444700E78E15 /* Release */,
			);
			defaultConfigurationIsVisible = 0;
			defaultConfigurationName = Release;
		};
		34449B171E7E444700E78E15 /* Build configuration list for PBXNativeTarget "UVIComponentsTests" */ = {
			isa = XCConfigurationList;
			buildConfigurations = (
				34449B181E7E444700E78E15 /* Debug */,
				34449B191E7E444700E78E15 /* Release */,
			);
			defaultConfigurationIsVisible = 0;
			defaultConfigurationName = Release;
		};
		344F084C1E71D6BF00011081 /* Build configuration list for PBXProject "UVI" */ = {
			isa = XCConfigurationList;
			buildConfigurations = (
				344F08771E71D6BF00011081 /* Debug */,
				344F08781E71D6BF00011081 /* Release */,
			);
			defaultConfigurationIsVisible = 0;
			defaultConfigurationName = Release;
		};
		344F08791E71D6BF00011081 /* Build configuration list for PBXNativeTarget "UVI" */ = {
			isa = XCConfigurationList;
			buildConfigurations = (
				344F087A1E71D6BF00011081 /* Debug */,
				344F087B1E71D6BF00011081 /* Release */,
			);
			defaultConfigurationIsVisible = 0;
			defaultConfigurationName = Release;
		};
		344F087C1E71D6BF00011081 /* Build configuration list for PBXNativeTarget "UVITests" */ = {
			isa = XCConfigurationList;
			buildConfigurations = (
				344F087D1E71D6BF00011081 /* Debug */,
				344F087E1E71D6BF00011081 /* Release */,
			);
			defaultConfigurationIsVisible = 0;
			defaultConfigurationName = Release;
		};
		344F087F1E71D6BF00011081 /* Build configuration list for PBXNativeTarget "UVIUITests" */ = {
			isa = XCConfigurationList;
			buildConfigurations = (
				344F08801E71D6BF00011081 /* Debug */,
				344F08811E71D6BF00011081 /* Release */,
			);
			defaultConfigurationIsVisible = 0;
			defaultConfigurationName = Release;
		};
/* End XCConfigurationList section */
	};
	rootObject = 344F08491E71D6BF00011081 /* Project object */;
}
