// !$*UTF8*$!
{
	archiveVersion = 1;
	classes = {
	};
	objectVersion = 46;
	objects = {

/* Begin PBXBuildFile section */
		30A287749A24A5CCF522BF1E /* Pods_UVI.framework in Frameworks */ = {isa = PBXBuildFile; fileRef = C3196230FA2F6C3E00B88CE5 /* Pods_UVI.framework */; };
		341FC8F11EA3FA59008A9B3C /* UVISounds.swift in Sources */ = {isa = PBXBuildFile; fileRef = 341FC8F01EA3FA59008A9B3C /* UVISounds.swift */; };
		341FC8F31EA41DA1008A9B3C /* SFSpeechAudioBufferRecognitionRequest+Rx.swift in Sources */ = {isa = PBXBuildFile; fileRef = 341FC8F21EA41DA1008A9B3C /* SFSpeechAudioBufferRecognitionRequest+Rx.swift */; };
		341FC8F61EA41F7E008A9B3C /* String+UVI.swift in Sources */ = {isa = PBXBuildFile; fileRef = 341FC8F51EA41F7E008A9B3C /* String+UVI.swift */; };
		341FC8F91EA5B1FC008A9B3C /* VIConversationTableViewCell.swift in Sources */ = {isa = PBXBuildFile; fileRef = 341FC8F81EA5B1FC008A9B3C /* VIConversationTableViewCell.swift */; };
		341FC8FB1EA5B346008A9B3C /* Identifiable.swift in Sources */ = {isa = PBXBuildFile; fileRef = 341FC8FA1EA5B346008A9B3C /* Identifiable.swift */; };
		341FC9031EA5D017008A9B3C /* UVIRealm.swift in Sources */ = {isa = PBXBuildFile; fileRef = 3456ED381EA3F57D00EB6A86 /* UVIRealm.swift */; };
		341FC9051EA5D017008A9B3C /* secret.swift in Sources */ = {isa = PBXBuildFile; fileRef = 34A8E59C1E9FED1600E4C6D7 /* secret.swift */; };
		341FC9061EA5D017008A9B3C /* Result.swift in Sources */ = {isa = PBXBuildFile; fileRef = 34A8E59E1E9FED8100E4C6D7 /* Result.swift */; };
		341FC9071EA5D017008A9B3C /* VisuallyImpaired.swift in Sources */ = {isa = PBXBuildFile; fileRef = 346950EE1E9DC53500F58379 /* VisuallyImpaired.swift */; };
		34449B1D1E7E47B800E78E15 /* HomeViewController.swift in Sources */ = {isa = PBXBuildFile; fileRef = 34449B1C1E7E47B800E78E15 /* HomeViewController.swift */; };
		34449B201E7E492400E78E15 /* StoryboardInstantiatable.swift in Sources */ = {isa = PBXBuildFile; fileRef = 34449B1F1E7E492400E78E15 /* StoryboardInstantiatable.swift */; };
		34449B221E7F363800E78E15 /* Home.storyboard in Resources */ = {isa = PBXBuildFile; fileRef = 34449B211E7F363800E78E15 /* Home.storyboard */; };
		34449B241E7F408500E78E15 /* VI.storyboard in Resources */ = {isa = PBXBuildFile; fileRef = 34449B231E7F408500E78E15 /* VI.storyboard */; };
		34449B261E7F40FF00E78E15 /* VIViewController.swift in Sources */ = {isa = PBXBuildFile; fileRef = 34449B251E7F40FF00E78E15 /* VIViewController.swift */; };
		344F08551E71D6BF00011081 /* AppDelegate.swift in Sources */ = {isa = PBXBuildFile; fileRef = 344F08541E71D6BF00011081 /* AppDelegate.swift */; };
		344F085C1E71D6BF00011081 /* Assets.xcassets in Resources */ = {isa = PBXBuildFile; fileRef = 344F085B1E71D6BF00011081 /* Assets.xcassets */; };
		344F085F1E71D6BF00011081 /* LaunchScreen.storyboard in Resources */ = {isa = PBXBuildFile; fileRef = 344F085D1E71D6BF00011081 /* LaunchScreen.storyboard */; };
		344F086A1E71D6BF00011081 /* UVITests.swift in Sources */ = {isa = PBXBuildFile; fileRef = 344F08691E71D6BF00011081 /* UVITests.swift */; };
		344F08751E71D6BF00011081 /* UVIUITests.swift in Sources */ = {isa = PBXBuildFile; fileRef = 344F08741E71D6BF00011081 /* UVIUITests.swift */; };
		3456ED3F1EA3F7B600EB6A86 /* may_I_have_your_name.mp3 in Resources */ = {isa = PBXBuildFile; fileRef = 3456ED3E1EA3F7B600EB6A86 /* may_I_have_your_name.mp3 */; };
		34A8E59B1E9FE3DD00E4C6D7 /* UVIUserDefaults.swift in Sources */ = {isa = PBXBuildFile; fileRef = 34A8E59A1E9FE3DD00E4C6D7 /* UVIUserDefaults.swift */; };
		34EC1DE71EA5D1D8007EDD1C /* InkLayer.swift in Sources */ = {isa = PBXBuildFile; fileRef = 345C5C051E841B49009C555C /* InkLayer.swift */; };
		8016874BFF64A4E20ECE7768 /* Pods_UVITests.framework in Frameworks */ = {isa = PBXBuildFile; fileRef = 22673F6A18346B218B2F6DA2 /* Pods_UVITests.framework */; };
		E3A8E4E95FE4AF73747DFD2F /* Pods_UVIUITests.framework in Frameworks */ = {isa = PBXBuildFile; fileRef = 0922EE463234086255386F7D /* Pods_UVIUITests.framework */; };
/* End PBXBuildFile section */

/* Begin PBXContainerItemProxy section */
		344F08661E71D6BF00011081 /* PBXContainerItemProxy */ = {
			isa = PBXContainerItemProxy;
			containerPortal = 344F08491E71D6BF00011081 /* Project object */;
			proxyType = 1;
			remoteGlobalIDString = 344F08501E71D6BF00011081;
			remoteInfo = UVI;
		};
		344F08711E71D6BF00011081 /* PBXContainerItemProxy */ = {
			isa = PBXContainerItemProxy;
			containerPortal = 344F08491E71D6BF00011081 /* Project object */;
			proxyType = 1;
			remoteGlobalIDString = 344F08501E71D6BF00011081;
			remoteInfo = UVI;
		};
/* End PBXContainerItemProxy section */

/* Begin PBXCopyFilesBuildPhase section */
		34449AF61E7E42A500E78E15 /* Embed Frameworks */ = {
			isa = PBXCopyFilesBuildPhase;
			buildActionMask = 2147483647;
			dstPath = "";
			dstSubfolderSpec = 10;
			files = (
			);
			name = "Embed Frameworks";
			runOnlyForDeploymentPostprocessing = 0;
		};
/* End PBXCopyFilesBuildPhase section */

/* Begin PBXFileReference section */
		067D5808B70453FABD22DC68 /* Pods-UVIRealm.release.xcconfig */ = {isa = PBXFileReference; includeInIndex = 1; lastKnownFileType = text.xcconfig; name = "Pods-UVIRealm.release.xcconfig"; path = "Pods/Target Support Files/Pods-UVIRealm/Pods-UVIRealm.release.xcconfig"; sourceTree = "<group>"; };
		0922EE463234086255386F7D /* Pods_UVIUITests.framework */ = {isa = PBXFileReference; explicitFileType = wrapper.framework; includeInIndex = 0; path = Pods_UVIUITests.framework; sourceTree = BUILT_PRODUCTS_DIR; };
		0A3909C2816E51D1DB8E8980 /* Pods-UVIUITests.debug.xcconfig */ = {isa = PBXFileReference; includeInIndex = 1; lastKnownFileType = text.xcconfig; name = "Pods-UVIUITests.debug.xcconfig"; path = "Pods/Target Support Files/Pods-UVIUITests/Pods-UVIUITests.debug.xcconfig"; sourceTree = "<group>"; };
		0E953AD9A23A18896325A0F8 /* Pods-UVIComponents.release.xcconfig */ = {isa = PBXFileReference; includeInIndex = 1; lastKnownFileType = text.xcconfig; name = "Pods-UVIComponents.release.xcconfig"; path = "Pods/Target Support Files/Pods-UVIComponents/Pods-UVIComponents.release.xcconfig"; sourceTree = "<group>"; };
		22673F6A18346B218B2F6DA2 /* Pods_UVITests.framework */ = {isa = PBXFileReference; explicitFileType = wrapper.framework; includeInIndex = 0; path = Pods_UVITests.framework; sourceTree = BUILT_PRODUCTS_DIR; };
		24F5403E6CCB8DF86A592987 /* Pods-UVIComponents.debug.xcconfig */ = {isa = PBXFileReference; includeInIndex = 1; lastKnownFileType = text.xcconfig; name = "Pods-UVIComponents.debug.xcconfig"; path = "Pods/Target Support Files/Pods-UVIComponents/Pods-UVIComponents.debug.xcconfig"; sourceTree = "<group>"; };
		264D8F278075B8C74D47EA96 /* Pods-UVIComponentsTests.debug.xcconfig */ = {isa = PBXFileReference; includeInIndex = 1; lastKnownFileType = text.xcconfig; name = "Pods-UVIComponentsTests.debug.xcconfig"; path = "Pods/Target Support Files/Pods-UVIComponentsTests/Pods-UVIComponentsTests.debug.xcconfig"; sourceTree = "<group>"; };
		2D0F071909307BAA7A8485F0 /* Pods-UVI.release.xcconfig */ = {isa = PBXFileReference; includeInIndex = 1; lastKnownFileType = text.xcconfig; name = "Pods-UVI.release.xcconfig"; path = "Pods/Target Support Files/Pods-UVI/Pods-UVI.release.xcconfig"; sourceTree = "<group>"; };
		31C00529B52E19A3398B6BD4 /* Pods_UVIComponentsTests.framework */ = {isa = PBXFileReference; explicitFileType = wrapper.framework; includeInIndex = 0; path = Pods_UVIComponentsTests.framework; sourceTree = BUILT_PRODUCTS_DIR; };
		341FC8F01EA3FA59008A9B3C /* UVISounds.swift */ = {isa = PBXFileReference; fileEncoding = 4; lastKnownFileType = sourcecode.swift; path = UVISounds.swift; sourceTree = "<group>"; };
		341FC8F21EA41DA1008A9B3C /* SFSpeechAudioBufferRecognitionRequest+Rx.swift */ = {isa = PBXFileReference; fileEncoding = 4; lastKnownFileType = sourcecode.swift; path = "SFSpeechAudioBufferRecognitionRequest+Rx.swift"; sourceTree = "<group>"; };
		341FC8F51EA41F7E008A9B3C /* String+UVI.swift */ = {isa = PBXFileReference; fileEncoding = 4; lastKnownFileType = sourcecode.swift; path = "String+UVI.swift"; sourceTree = "<group>"; };
		341FC8F81EA5B1FC008A9B3C /* VIConversationTableViewCell.swift */ = {isa = PBXFileReference; fileEncoding = 4; lastKnownFileType = sourcecode.swift; path = VIConversationTableViewCell.swift; sourceTree = "<group>"; };
		341FC8FA1EA5B346008A9B3C /* Identifiable.swift */ = {isa = PBXFileReference; fileEncoding = 4; lastKnownFileType = sourcecode.swift; path = Identifiable.swift; sourceTree = "<group>"; };
		34449B1C1E7E47B800E78E15 /* HomeViewController.swift */ = {isa = PBXFileReference; fileEncoding = 4; lastKnownFileType = sourcecode.swift; path = HomeViewController.swift; sourceTree = "<group>"; };
		34449B1F1E7E492400E78E15 /* StoryboardInstantiatable.swift */ = {isa = PBXFileReference; fileEncoding = 4; lastKnownFileType = sourcecode.swift; path = StoryboardInstantiatable.swift; sourceTree = "<group>"; };
		34449B211E7F363800E78E15 /* Home.storyboard */ = {isa = PBXFileReference; fileEncoding = 4; lastKnownFileType = file.storyboard; path = Home.storyboard; sourceTree = "<group>"; };
		34449B231E7F408500E78E15 /* VI.storyboard */ = {isa = PBXFileReference; fileEncoding = 4; lastKnownFileType = file.storyboard; path = VI.storyboard; sourceTree = "<group>"; };
		34449B251E7F40FF00E78E15 /* VIViewController.swift */ = {isa = PBXFileReference; fileEncoding = 4; lastKnownFileType = sourcecode.swift; path = VIViewController.swift; sourceTree = "<group>"; };
		344F08511E71D6BF00011081 /* UVI.app */ = {isa = PBXFileReference; explicitFileType = wrapper.application; includeInIndex = 0; path = UVI.app; sourceTree = BUILT_PRODUCTS_DIR; };
		344F08541E71D6BF00011081 /* AppDelegate.swift */ = {isa = PBXFileReference; lastKnownFileType = sourcecode.swift; path = AppDelegate.swift; sourceTree = "<group>"; };
		344F085B1E71D6BF00011081 /* Assets.xcassets */ = {isa = PBXFileReference; lastKnownFileType = folder.assetcatalog; path = Assets.xcassets; sourceTree = "<group>"; };
		344F085E1E71D6BF00011081 /* Base */ = {isa = PBXFileReference; lastKnownFileType = file.storyboard; name = Base; path = Base.lproj/LaunchScreen.storyboard; sourceTree = "<group>"; };
		344F08601E71D6BF00011081 /* Info.plist */ = {isa = PBXFileReference; lastKnownFileType = text.plist.xml; path = Info.plist; sourceTree = "<group>"; };
		344F08651E71D6BF00011081 /* UVITests.xctest */ = {isa = PBXFileReference; explicitFileType = wrapper.cfbundle; includeInIndex = 0; path = UVITests.xctest; sourceTree = BUILT_PRODUCTS_DIR; };
		344F08691E71D6BF00011081 /* UVITests.swift */ = {isa = PBXFileReference; lastKnownFileType = sourcecode.swift; path = UVITests.swift; sourceTree = "<group>"; };
		344F086B1E71D6BF00011081 /* Info.plist */ = {isa = PBXFileReference; lastKnownFileType = text.plist.xml; path = Info.plist; sourceTree = "<group>"; };
		344F08701E71D6BF00011081 /* UVIUITests.xctest */ = {isa = PBXFileReference; explicitFileType = wrapper.cfbundle; includeInIndex = 0; path = UVIUITests.xctest; sourceTree = BUILT_PRODUCTS_DIR; };
		344F08741E71D6BF00011081 /* UVIUITests.swift */ = {isa = PBXFileReference; lastKnownFileType = sourcecode.swift; path = UVIUITests.swift; sourceTree = "<group>"; };
		344F08761E71D6BF00011081 /* Info.plist */ = {isa = PBXFileReference; lastKnownFileType = text.plist.xml; path = Info.plist; sourceTree = "<group>"; };
		3456ED381EA3F57D00EB6A86 /* UVIRealm.swift */ = {isa = PBXFileReference; fileEncoding = 4; lastKnownFileType = sourcecode.swift; name = UVIRealm.swift; path = UVIRealm/UVIRealm.swift; sourceTree = SOURCE_ROOT; };
		3456ED3E1EA3F7B600EB6A86 /* may_I_have_your_name.mp3 */ = {isa = PBXFileReference; lastKnownFileType = audio.mp3; path = may_I_have_your_name.mp3; sourceTree = "<group>"; };
		345C5C051E841B49009C555C /* InkLayer.swift */ = {isa = PBXFileReference; fileEncoding = 4; lastKnownFileType = sourcecode.swift; name = InkLayer.swift; path = UVIComponents/InkLayer.swift; sourceTree = SOURCE_ROOT; };
		346950EE1E9DC53500F58379 /* VisuallyImpaired.swift */ = {isa = PBXFileReference; fileEncoding = 4; lastKnownFileType = sourcecode.swift; name = VisuallyImpaired.swift; path = UVIRealm/VisuallyImpaired.swift; sourceTree = SOURCE_ROOT; };
		349435DA6BE08679BE567E97 /* Pods-UVIRealmTests.release.xcconfig */ = {isa = PBXFileReference; includeInIndex = 1; lastKnownFileType = text.xcconfig; name = "Pods-UVIRealmTests.release.xcconfig"; path = "Pods/Target Support Files/Pods-UVIRealmTests/Pods-UVIRealmTests.release.xcconfig"; sourceTree = "<group>"; };
		34A8E59A1E9FE3DD00E4C6D7 /* UVIUserDefaults.swift */ = {isa = PBXFileReference; fileEncoding = 4; lastKnownFileType = sourcecode.swift; path = UVIUserDefaults.swift; sourceTree = "<group>"; };
		34A8E59C1E9FED1600E4C6D7 /* secret.swift */ = {isa = PBXFileReference; fileEncoding = 4; lastKnownFileType = sourcecode.swift; path = secret.swift; sourceTree = "<group>"; };
		34A8E59E1E9FED8100E4C6D7 /* Result.swift */ = {isa = PBXFileReference; fileEncoding = 4; lastKnownFileType = sourcecode.swift; path = Result.swift; sourceTree = "<group>"; };
		42720A276EDA9B2B138B5227 /* Pods_UVIRealm.framework */ = {isa = PBXFileReference; explicitFileType = wrapper.framework; includeInIndex = 0; path = Pods_UVIRealm.framework; sourceTree = BUILT_PRODUCTS_DIR; };
		78495B8B39CEFF38FB351DE0 /* Pods-UVIUITests.release.xcconfig */ = {isa = PBXFileReference; includeInIndex = 1; lastKnownFileType = text.xcconfig; name = "Pods-UVIUITests.release.xcconfig"; path = "Pods/Target Support Files/Pods-UVIUITests/Pods-UVIUITests.release.xcconfig"; sourceTree = "<group>"; };
		79D8AE0E081CB72AC6CAE9B3 /* Pods-UVIRealmTests.debug.xcconfig */ = {isa = PBXFileReference; includeInIndex = 1; lastKnownFileType = text.xcconfig; name = "Pods-UVIRealmTests.debug.xcconfig"; path = "Pods/Target Support Files/Pods-UVIRealmTests/Pods-UVIRealmTests.debug.xcconfig"; sourceTree = "<group>"; };
		7E915ED3A66463068D3D0A34 /* Pods-UVIComponentsTests.release.xcconfig */ = {isa = PBXFileReference; includeInIndex = 1; lastKnownFileType = text.xcconfig; name = "Pods-UVIComponentsTests.release.xcconfig"; path = "Pods/Target Support Files/Pods-UVIComponentsTests/Pods-UVIComponentsTests.release.xcconfig"; sourceTree = "<group>"; };
		8C8B3E14550C896B6ED785E7 /* Pods_UVIComponents.framework */ = {isa = PBXFileReference; explicitFileType = wrapper.framework; includeInIndex = 0; path = Pods_UVIComponents.framework; sourceTree = BUILT_PRODUCTS_DIR; };
		949836B69D5F3DE2A705CA2E /* Pods-UVI.debug.xcconfig */ = {isa = PBXFileReference; includeInIndex = 1; lastKnownFileType = text.xcconfig; name = "Pods-UVI.debug.xcconfig"; path = "Pods/Target Support Files/Pods-UVI/Pods-UVI.debug.xcconfig"; sourceTree = "<group>"; };
		C3196230FA2F6C3E00B88CE5 /* Pods_UVI.framework */ = {isa = PBXFileReference; explicitFileType = wrapper.framework; includeInIndex = 0; path = Pods_UVI.framework; sourceTree = BUILT_PRODUCTS_DIR; };
		DFE6E0005759ED7BE80611ED /* Pods-UVIRealm.debug.xcconfig */ = {isa = PBXFileReference; includeInIndex = 1; lastKnownFileType = text.xcconfig; name = "Pods-UVIRealm.debug.xcconfig"; path = "Pods/Target Support Files/Pods-UVIRealm/Pods-UVIRealm.debug.xcconfig"; sourceTree = "<group>"; };
		E23F83623DB60254FD0A54F6 /* Pods_UVIRealmTests.framework */ = {isa = PBXFileReference; explicitFileType = wrapper.framework; includeInIndex = 0; path = Pods_UVIRealmTests.framework; sourceTree = BUILT_PRODUCTS_DIR; };
		E42F94D91E322B2F6746F22D /* Pods-UVITests.release.xcconfig */ = {isa = PBXFileReference; includeInIndex = 1; lastKnownFileType = text.xcconfig; name = "Pods-UVITests.release.xcconfig"; path = "Pods/Target Support Files/Pods-UVITests/Pods-UVITests.release.xcconfig"; sourceTree = "<group>"; };
		EAD2C8ED95233BF69024C66A /* Pods-UVITests.debug.xcconfig */ = {isa = PBXFileReference; includeInIndex = 1; lastKnownFileType = text.xcconfig; name = "Pods-UVITests.debug.xcconfig"; path = "Pods/Target Support Files/Pods-UVITests/Pods-UVITests.debug.xcconfig"; sourceTree = "<group>"; };
/* End PBXFileReference section */

/* Begin PBXFrameworksBuildPhase section */
		344F084E1E71D6BF00011081 /* Frameworks */ = {
			isa = PBXFrameworksBuildPhase;
			buildActionMask = 2147483647;
			files = (
				30A287749A24A5CCF522BF1E /* Pods_UVI.framework in Frameworks */,
			);
			runOnlyForDeploymentPostprocessing = 0;
		};
		344F08621E71D6BF00011081 /* Frameworks */ = {
			isa = PBXFrameworksBuildPhase;
			buildActionMask = 2147483647;
			files = (
				8016874BFF64A4E20ECE7768 /* Pods_UVITests.framework in Frameworks */,
			);
			runOnlyForDeploymentPostprocessing = 0;
		};
		344F086D1E71D6BF00011081 /* Frameworks */ = {
			isa = PBXFrameworksBuildPhase;
			buildActionMask = 2147483647;
			files = (
				E3A8E4E95FE4AF73747DFD2F /* Pods_UVIUITests.framework in Frameworks */,
			);
			runOnlyForDeploymentPostprocessing = 0;
		};
/* End PBXFrameworksBuildPhase section */

/* Begin PBXGroup section */
		341FC8F41EA41F6E008A9B3C /* Extensions */ = {
			isa = PBXGroup;
			children = (
				341FC8F51EA41F7E008A9B3C /* String+UVI.swift */,
				341FC8F21EA41DA1008A9B3C /* SFSpeechAudioBufferRecognitionRequest+Rx.swift */,
			);
			name = Extensions;
			sourceTree = "<group>";
		};
		341FC8F71EA5B1DF008A9B3C /* Views */ = {
			isa = PBXGroup;
			children = (
				345C5C051E841B49009C555C /* InkLayer.swift */,
				341FC8F81EA5B1FC008A9B3C /* VIConversationTableViewCell.swift */,
			);
			name = Views;
			sourceTree = "<group>";
		};
		34449B1A1E7E470E00E78E15 /* Storyboards */ = {
			isa = PBXGroup;
			children = (
				344F085D1E71D6BF00011081 /* LaunchScreen.storyboard */,
				34449B211E7F363800E78E15 /* Home.storyboard */,
				34449B231E7F408500E78E15 /* VI.storyboard */,
			);
			name = Storyboards;
			sourceTree = "<group>";
		};
		34449B1B1E7E473600E78E15 /* ViewControllers */ = {
			isa = PBXGroup;
			children = (
				34449B1C1E7E47B800E78E15 /* HomeViewController.swift */,
				34449B251E7F40FF00E78E15 /* VIViewController.swift */,
			);
			name = ViewControllers;
			sourceTree = "<group>";
		};
		34449B1E1E7E48D900E78E15 /* Protocols */ = {
			isa = PBXGroup;
			children = (
				34449B1F1E7E492400E78E15 /* StoryboardInstantiatable.swift */,
				341FC8FA1EA5B346008A9B3C /* Identifiable.swift */,
			);
			name = Protocols;
			sourceTree = "<group>";
		};
		344F08481E71D6BF00011081 = {
			isa = PBXGroup;
			children = (
				344F08531E71D6BF00011081 /* UVI */,
				344F08681E71D6BF00011081 /* UVITests */,
				344F08731E71D6BF00011081 /* UVIUITests */,
				344F08521E71D6BF00011081 /* Products */,
				B5FD62AACA13B699D3FD55CC /* Pods */,
				6F86262526F001EDB7C39895 /* Frameworks */,
			);
			sourceTree = "<group>";
		};
		344F08521E71D6BF00011081 /* Products */ = {
			isa = PBXGroup;
			children = (
				344F08511E71D6BF00011081 /* UVI.app */,
				344F08651E71D6BF00011081 /* UVITests.xctest */,
				344F08701E71D6BF00011081 /* UVIUITests.xctest */,
			);
			name = Products;
			sourceTree = "<group>";
		};
		344F08531E71D6BF00011081 /* UVI */ = {
			isa = PBXGroup;
			children = (
				344F08601E71D6BF00011081 /* Info.plist */,
				344F085B1E71D6BF00011081 /* Assets.xcassets */,
				344F08541E71D6BF00011081 /* AppDelegate.swift */,
				3456ED401EA3F7B900EB6A86 /* Sounds */,
				341FC8F41EA41F6E008A9B3C /* Extensions */,
				34EC1DE81EA5D57F007EDD1C /* Realm */,
				34A8E5951E9FE2CF00E4C6D7 /* Services */,
				34449B1E1E7E48D900E78E15 /* Protocols */,
				34449B1B1E7E473600E78E15 /* ViewControllers */,
				34449B1A1E7E470E00E78E15 /* Storyboards */,
				341FC8F71EA5B1DF008A9B3C /* Views */,
			);
			path = UVI;
			sourceTree = "<group>";
		};
		344F08681E71D6BF00011081 /* UVITests */ = {
			isa = PBXGroup;
			children = (
				344F08691E71D6BF00011081 /* UVITests.swift */,
				344F086B1E71D6BF00011081 /* Info.plist */,
			);
			path = UVITests;
			sourceTree = "<group>";
		};
		344F08731E71D6BF00011081 /* UVIUITests */ = {
			isa = PBXGroup;
			children = (
				344F08741E71D6BF00011081 /* UVIUITests.swift */,
				344F08761E71D6BF00011081 /* Info.plist */,
			);
			path = UVIUITests;
			sourceTree = "<group>";
		};
		3456ED401EA3F7B900EB6A86 /* Sounds */ = {
			isa = PBXGroup;
			children = (
				3456ED3E1EA3F7B600EB6A86 /* may_I_have_your_name.mp3 */,
			);
			name = Sounds;
			sourceTree = "<group>";
		};
		34A8E5951E9FE2CF00E4C6D7 /* Services */ = {
			isa = PBXGroup;
			children = (
				34A8E59A1E9FE3DD00E4C6D7 /* UVIUserDefaults.swift */,
				341FC8F01EA3FA59008A9B3C /* UVISounds.swift */,
			);
			name = Services;
			sourceTree = "<group>";
		};
		34EC1DE81EA5D57F007EDD1C /* Realm */ = {
			isa = PBXGroup;
			children = (
				3456ED381EA3F57D00EB6A86 /* UVIRealm.swift */,
				34A8E59C1E9FED1600E4C6D7 /* secret.swift */,
				34A8E59E1E9FED8100E4C6D7 /* Result.swift */,
				346950EE1E9DC53500F58379 /* VisuallyImpaired.swift */,
			);
			name = Realm;
			sourceTree = "<group>";
		};
		6F86262526F001EDB7C39895 /* Frameworks */ = {
			isa = PBXGroup;
			children = (
				C3196230FA2F6C3E00B88CE5 /* Pods_UVI.framework */,
				8C8B3E14550C896B6ED785E7 /* Pods_UVIComponents.framework */,
				31C00529B52E19A3398B6BD4 /* Pods_UVIComponentsTests.framework */,
				42720A276EDA9B2B138B5227 /* Pods_UVIRealm.framework */,
				E23F83623DB60254FD0A54F6 /* Pods_UVIRealmTests.framework */,
				22673F6A18346B218B2F6DA2 /* Pods_UVITests.framework */,
				0922EE463234086255386F7D /* Pods_UVIUITests.framework */,
			);
			name = Frameworks;
			sourceTree = "<group>";
		};
		B5FD62AACA13B699D3FD55CC /* Pods */ = {
			isa = PBXGroup;
			children = (
				949836B69D5F3DE2A705CA2E /* Pods-UVI.debug.xcconfig */,
				2D0F071909307BAA7A8485F0 /* Pods-UVI.release.xcconfig */,
				24F5403E6CCB8DF86A592987 /* Pods-UVIComponents.debug.xcconfig */,
				0E953AD9A23A18896325A0F8 /* Pods-UVIComponents.release.xcconfig */,
				264D8F278075B8C74D47EA96 /* Pods-UVIComponentsTests.debug.xcconfig */,
				7E915ED3A66463068D3D0A34 /* Pods-UVIComponentsTests.release.xcconfig */,
				DFE6E0005759ED7BE80611ED /* Pods-UVIRealm.debug.xcconfig */,
				067D5808B70453FABD22DC68 /* Pods-UVIRealm.release.xcconfig */,
				79D8AE0E081CB72AC6CAE9B3 /* Pods-UVIRealmTests.debug.xcconfig */,
				349435DA6BE08679BE567E97 /* Pods-UVIRealmTests.release.xcconfig */,
				EAD2C8ED95233BF69024C66A /* Pods-UVITests.debug.xcconfig */,
				E42F94D91E322B2F6746F22D /* Pods-UVITests.release.xcconfig */,
				0A3909C2816E51D1DB8E8980 /* Pods-UVIUITests.debug.xcconfig */,
				78495B8B39CEFF38FB351DE0 /* Pods-UVIUITests.release.xcconfig */,
			);
			name = Pods;
			sourceTree = "<group>";
		};
/* End PBXGroup section */

/* Begin PBXNativeTarget section */
		344F08501E71D6BF00011081 /* UVI */ = {
			isa = PBXNativeTarget;
			buildConfigurationList = 344F08791E71D6BF00011081 /* Build configuration list for PBXNativeTarget "UVI" */;
			buildPhases = (
				B2FF910424531A5EA0402652 /* [CP] Check Pods Manifest.lock */,
				344F084D1E71D6BF00011081 /* Sources */,
				344F084E1E71D6BF00011081 /* Frameworks */,
				344F084F1E71D6BF00011081 /* Resources */,
				344F08821E71D84500011081 /* ShellScript */,
				34449AF61E7E42A500E78E15 /* Embed Frameworks */,
				20A543C7B216EDA94346706C /* [CP] Embed Pods Frameworks */,
				D89DA4258AC7AA29406BAFE1 /* [CP] Copy Pods Resources */,
			);
			buildRules = (
			);
			dependencies = (
			);
			name = UVI;
			productName = UVI;
			productReference = 344F08511E71D6BF00011081 /* UVI.app */;
			productType = "com.apple.product-type.application";
		};
		344F08641E71D6BF00011081 /* UVITests */ = {
			isa = PBXNativeTarget;
			buildConfigurationList = 344F087C1E71D6BF00011081 /* Build configuration list for PBXNativeTarget "UVITests" */;
			buildPhases = (
				C83288777EC199F1D17A2B7E /* [CP] Check Pods Manifest.lock */,
				344F08611E71D6BF00011081 /* Sources */,
				344F08621E71D6BF00011081 /* Frameworks */,
				344F08631E71D6BF00011081 /* Resources */,
				CA4E6CAEFE40E94AB729FD5B /* [CP] Embed Pods Frameworks */,
				A07B8B1F2DA15176AA71B01E /* [CP] Copy Pods Resources */,
			);
			buildRules = (
			);
			dependencies = (
				344F08671E71D6BF00011081 /* PBXTargetDependency */,
			);
			name = UVITests;
			productName = UVITests;
			productReference = 344F08651E71D6BF00011081 /* UVITests.xctest */;
			productType = "com.apple.product-type.bundle.unit-test";
		};
		344F086F1E71D6BF00011081 /* UVIUITests */ = {
			isa = PBXNativeTarget;
			buildConfigurationList = 344F087F1E71D6BF00011081 /* Build configuration list for PBXNativeTarget "UVIUITests" */;
			buildPhases = (
				7CA4140D173647C066A3BA86 /* [CP] Check Pods Manifest.lock */,
				344F086C1E71D6BF00011081 /* Sources */,
				344F086D1E71D6BF00011081 /* Frameworks */,
				344F086E1E71D6BF00011081 /* Resources */,
				30CCDF65ADFA9420A8BF5FB7 /* [CP] Embed Pods Frameworks */,
				4FFBEAB6ED9B7FDFA35B2C34 /* [CP] Copy Pods Resources */,
			);
			buildRules = (
			);
			dependencies = (
				344F08721E71D6BF00011081 /* PBXTargetDependency */,
			);
			name = UVIUITests;
			productName = UVIUITests;
			productReference = 344F08701E71D6BF00011081 /* UVIUITests.xctest */;
			productType = "com.apple.product-type.bundle.ui-testing";
		};
/* End PBXNativeTarget section */

/* Begin PBXProject section */
		344F08491E71D6BF00011081 /* Project object */ = {
			isa = PBXProject;
			attributes = {
				LastSwiftUpdateCheck = 0820;
				LastUpgradeCheck = 0820;
				ORGANIZATIONNAME = Transformers;
				TargetAttributes = {
					344F08501E71D6BF00011081 = {
						CreatedOnToolsVersion = 8.2.1;
						DevelopmentTeam = T284UZDTGP;
						ProvisioningStyle = Automatic;
					};
					344F08641E71D6BF00011081 = {
						CreatedOnToolsVersion = 8.2.1;
						ProvisioningStyle = Automatic;
						TestTargetID = 344F08501E71D6BF00011081;
					};
					344F086F1E71D6BF00011081 = {
						CreatedOnToolsVersion = 8.2.1;
						ProvisioningStyle = Automatic;
						TestTargetID = 344F08501E71D6BF00011081;
					};
				};
			};
			buildConfigurationList = 344F084C1E71D6BF00011081 /* Build configuration list for PBXProject "UVI" */;
			compatibilityVersion = "Xcode 3.2";
			developmentRegion = English;
			hasScannedForEncodings = 0;
			knownRegions = (
				en,
				Base,
			);
			mainGroup = 344F08481E71D6BF00011081;
			productRefGroup = 344F08521E71D6BF00011081 /* Products */;
			projectDirPath = "";
			projectRoot = "";
			targets = (
				344F08501E71D6BF00011081 /* UVI */,
				344F08641E71D6BF00011081 /* UVITests */,
				344F086F1E71D6BF00011081 /* UVIUITests */,
			);
		};
/* End PBXProject section */

/* Begin PBXResourcesBuildPhase section */
		344F084F1E71D6BF00011081 /* Resources */ = {
			isa = PBXResourcesBuildPhase;
			buildActionMask = 2147483647;
			files = (
				34449B241E7F408500E78E15 /* VI.storyboard in Resources */,
				34449B221E7F363800E78E15 /* Home.storyboard in Resources */,
				344F085F1E71D6BF00011081 /* LaunchScreen.storyboard in Resources */,
				344F085C1E71D6BF00011081 /* Assets.xcassets in Resources */,
				3456ED3F1EA3F7B600EB6A86 /* may_I_have_your_name.mp3 in Resources */,
			);
			runOnlyForDeploymentPostprocessing = 0;
		};
		344F08631E71D6BF00011081 /* Resources */ = {
			isa = PBXResourcesBuildPhase;
			buildActionMask = 2147483647;
			files = (
			);
			runOnlyForDeploymentPostprocessing = 0;
		};
		344F086E1E71D6BF00011081 /* Resources */ = {
			isa = PBXResourcesBuildPhase;
			buildActionMask = 2147483647;
			files = (
			);
			runOnlyForDeploymentPostprocessing = 0;
		};
/* End PBXResourcesBuildPhase section */

/* Begin PBXShellScriptBuildPhase section */
		20A543C7B216EDA94346706C /* [CP] Embed Pods Frameworks */ = {
			isa = PBXShellScriptBuildPhase;
			buildActionMask = 2147483647;
			files = (
			);
			inputPaths = (
			);
			name = "[CP] Embed Pods Frameworks";
			outputPaths = (
			);
			runOnlyForDeploymentPostprocessing = 0;
			shellPath = /bin/sh;
			shellScript = "\"${SRCROOT}/Pods/Target Support Files/Pods-UVI/Pods-UVI-frameworks.sh\"\n";
			showEnvVarsInLog = 0;
		};
		30CCDF65ADFA9420A8BF5FB7 /* [CP] Embed Pods Frameworks */ = {
			isa = PBXShellScriptBuildPhase;
			buildActionMask = 2147483647;
			files = (
			);
			inputPaths = (
			);
			name = "[CP] Embed Pods Frameworks";
			outputPaths = (
			);
			runOnlyForDeploymentPostprocessing = 0;
			shellPath = /bin/sh;
			shellScript = "\"${SRCROOT}/Pods/Target Support Files/Pods-UVIUITests/Pods-UVIUITests-frameworks.sh\"\n";
			showEnvVarsInLog = 0;
		};
		344F08821E71D84500011081 /* ShellScript */ = {
			isa = PBXShellScriptBuildPhase;
			buildActionMask = 2147483647;
			files = (
			);
			inputPaths = (
			);
			outputPaths = (
			);
			runOnlyForDeploymentPostprocessing = 0;
			shellPath = /bin/sh;
			shellScript = "\"${PODS_ROOT}/SwiftLint/swiftlint\"";
		};
		4FFBEAB6ED9B7FDFA35B2C34 /* [CP] Copy Pods Resources */ = {
			isa = PBXShellScriptBuildPhase;
			buildActionMask = 2147483647;
			files = (
			);
			inputPaths = (
			);
			name = "[CP] Copy Pods Resources";
			outputPaths = (
			);
			runOnlyForDeploymentPostprocessing = 0;
			shellPath = /bin/sh;
			shellScript = "\"${SRCROOT}/Pods/Target Support Files/Pods-UVIUITests/Pods-UVIUITests-resources.sh\"\n";
			showEnvVarsInLog = 0;
		};
		7CA4140D173647C066A3BA86 /* [CP] Check Pods Manifest.lock */ = {
			isa = PBXShellScriptBuildPhase;
			buildActionMask = 2147483647;
			files = (
			);
			inputPaths = (
			);
			name = "[CP] Check Pods Manifest.lock";
			outputPaths = (
			);
			runOnlyForDeploymentPostprocessing = 0;
			shellPath = /bin/sh;
			shellScript = "diff \"${PODS_ROOT}/../Podfile.lock\" \"${PODS_ROOT}/Manifest.lock\" > /dev/null\nif [ $? != 0 ] ; then\n    # print error to STDERR\n    echo \"error: The sandbox is not in sync with the Podfile.lock. Run 'pod install' or update your CocoaPods installation.\" >&2\n    exit 1\nfi\n";
			showEnvVarsInLog = 0;
		};
		A07B8B1F2DA15176AA71B01E /* [CP] Copy Pods Resources */ = {
			isa = PBXShellScriptBuildPhase;
			buildActionMask = 2147483647;
			files = (
			);
			inputPaths = (
			);
			name = "[CP] Copy Pods Resources";
			outputPaths = (
			);
			runOnlyForDeploymentPostprocessing = 0;
			shellPath = /bin/sh;
			shellScript = "\"${SRCROOT}/Pods/Target Support Files/Pods-UVITests/Pods-UVITests-resources.sh\"\n";
			showEnvVarsInLog = 0;
		};
		B2FF910424531A5EA0402652 /* [CP] Check Pods Manifest.lock */ = {
			isa = PBXShellScriptBuildPhase;
			buildActionMask = 2147483647;
			files = (
			);
			inputPaths = (
			);
			name = "[CP] Check Pods Manifest.lock";
			outputPaths = (
			);
			runOnlyForDeploymentPostprocessing = 0;
			shellPath = /bin/sh;
			shellScript = "diff \"${PODS_ROOT}/../Podfile.lock\" \"${PODS_ROOT}/Manifest.lock\" > /dev/null\nif [ $? != 0 ] ; then\n    # print error to STDERR\n    echo \"error: The sandbox is not in sync with the Podfile.lock. Run 'pod install' or update your CocoaPods installation.\" >&2\n    exit 1\nfi\n";
			showEnvVarsInLog = 0;
		};
		C83288777EC199F1D17A2B7E /* [CP] Check Pods Manifest.lock */ = {
			isa = PBXShellScriptBuildPhase;
			buildActionMask = 2147483647;
			files = (
			);
			inputPaths = (
			);
			name = "[CP] Check Pods Manifest.lock";
			outputPaths = (
			);
			runOnlyForDeploymentPostprocessing = 0;
			shellPath = /bin/sh;
			shellScript = "diff \"${PODS_ROOT}/../Podfile.lock\" \"${PODS_ROOT}/Manifest.lock\" > /dev/null\nif [ $? != 0 ] ; then\n    # print error to STDERR\n    echo \"error: The sandbox is not in sync with the Podfile.lock. Run 'pod install' or update your CocoaPods installation.\" >&2\n    exit 1\nfi\n";
			showEnvVarsInLog = 0;
		};
		CA4E6CAEFE40E94AB729FD5B /* [CP] Embed Pods Frameworks */ = {
			isa = PBXShellScriptBuildPhase;
			buildActionMask = 2147483647;
			files = (
			);
			inputPaths = (
			);
			name = "[CP] Embed Pods Frameworks";
			outputPaths = (
			);
			runOnlyForDeploymentPostprocessing = 0;
			shellPath = /bin/sh;
			shellScript = "\"${SRCROOT}/Pods/Target Support Files/Pods-UVITests/Pods-UVITests-frameworks.sh\"\n";
			showEnvVarsInLog = 0;
		};
		D89DA4258AC7AA29406BAFE1 /* [CP] Copy Pods Resources */ = {
			isa = PBXShellScriptBuildPhase;
			buildActionMask = 2147483647;
			files = (
			);
			inputPaths = (
			);
			name = "[CP] Copy Pods Resources";
			outputPaths = (
			);
			runOnlyForDeploymentPostprocessing = 0;
			shellPath = /bin/sh;
			shellScript = "\"${SRCROOT}/Pods/Target Support Files/Pods-UVI/Pods-UVI-resources.sh\"\n";
			showEnvVarsInLog = 0;
		};
/* End PBXShellScriptBuildPhase section */

/* Begin PBXSourcesBuildPhase section */
		344F084D1E71D6BF00011081 /* Sources */ = {
			isa = PBXSourcesBuildPhase;
			buildActionMask = 2147483647;
			files = (
				34449B201E7E492400E78E15 /* StoryboardInstantiatable.swift in Sources */,
				341FC8F61EA41F7E008A9B3C /* String+UVI.swift in Sources */,
				341FC9071EA5D017008A9B3C /* VisuallyImpaired.swift in Sources */,
				34A8E59B1E9FE3DD00E4C6D7 /* UVIUserDefaults.swift in Sources */,
				341FC9061EA5D017008A9B3C /* Result.swift in Sources */,
				341FC8FB1EA5B346008A9B3C /* Identifiable.swift in Sources */,
				341FC8F11EA3FA59008A9B3C /* UVISounds.swift in Sources */,
				34EC1DE71EA5D1D8007EDD1C /* InkLayer.swift in Sources */,
				341FC8F31EA41DA1008A9B3C /* SFSpeechAudioBufferRecognitionRequest+Rx.swift in Sources */,
				344F08551E71D6BF00011081 /* AppDelegate.swift in Sources */,
				34449B1D1E7E47B800E78E15 /* HomeViewController.swift in Sources */,
				341FC9051EA5D017008A9B3C /* secret.swift in Sources */,
				341FC9031EA5D017008A9B3C /* UVIRealm.swift in Sources */,
				341FC8F91EA5B1FC008A9B3C /* VIConversationTableViewCell.swift in Sources */,
				34449B261E7F40FF00E78E15 /* VIViewController.swift in Sources */,
			);
			runOnlyForDeploymentPostprocessing = 0;
		};
		344F08611E71D6BF00011081 /* Sources */ = {
			isa = PBXSourcesBuildPhase;
			buildActionMask = 2147483647;
			files = (
				344F086A1E71D6BF00011081 /* UVITests.swift in Sources */,
			);
			runOnlyForDeploymentPostprocessing = 0;
		};
		344F086C1E71D6BF00011081 /* Sources */ = {
			isa = PBXSourcesBuildPhase;
			buildActionMask = 2147483647;
			files = (
				344F08751E71D6BF00011081 /* UVIUITests.swift in Sources */,
			);
			runOnlyForDeploymentPostprocessing = 0;
		};
/* End PBXSourcesBuildPhase section */

/* Begin PBXTargetDependency section */
		344F08671E71D6BF00011081 /* PBXTargetDependency */ = {
			isa = PBXTargetDependency;
			target = 344F08501E71D6BF00011081 /* UVI */;
			targetProxy = 344F08661E71D6BF00011081 /* PBXContainerItemProxy */;
		};
		344F08721E71D6BF00011081 /* PBXTargetDependency */ = {
			isa = PBXTargetDependency;
			target = 344F08501E71D6BF00011081 /* UVI */;
			targetProxy = 344F08711E71D6BF00011081 /* PBXContainerItemProxy */;
		};
/* End PBXTargetDependency section */

/* Begin PBXVariantGroup section */
		344F085D1E71D6BF00011081 /* LaunchScreen.storyboard */ = {
			isa = PBXVariantGroup;
			children = (
				344F085E1E71D6BF00011081 /* Base */,
			);
			name = LaunchScreen.storyboard;
			sourceTree = "<group>";
		};
/* End PBXVariantGroup section */

/* Begin XCBuildConfiguration section */
		344F08771E71D6BF00011081 /* Debug */ = {
			isa = XCBuildConfiguration;
			buildSettings = {
				ALWAYS_SEARCH_USER_PATHS = NO;
				CLANG_ANALYZER_NONNULL = YES;
				CLANG_CXX_LANGUAGE_STANDARD = "gnu++0x";
				CLANG_CXX_LIBRARY = "libc++";
				CLANG_ENABLE_MODULES = YES;
				CLANG_ENABLE_OBJC_ARC = YES;
				CLANG_WARN_BOOL_CONVERSION = YES;
				CLANG_WARN_CONSTANT_CONVERSION = YES;
				CLANG_WARN_DIRECT_OBJC_ISA_USAGE = YES_ERROR;
				CLANG_WARN_DOCUMENTATION_COMMENTS = YES;
				CLANG_WARN_EMPTY_BODY = YES;
				CLANG_WARN_ENUM_CONVERSION = YES;
				CLANG_WARN_INFINITE_RECURSION = YES;
				CLANG_WARN_INT_CONVERSION = YES;
				CLANG_WARN_OBJC_ROOT_CLASS = YES_ERROR;
				CLANG_WARN_SUSPICIOUS_MOVE = YES;
				CLANG_WARN_UNREACHABLE_CODE = YES;
				CLANG_WARN__DUPLICATE_METHOD_MATCH = YES;
				"CODE_SIGN_IDENTITY[sdk=iphoneos*]" = "iPhone Developer";
				COPY_PHASE_STRIP = NO;
				DEBUG_INFORMATION_FORMAT = dwarf;
				ENABLE_STRICT_OBJC_MSGSEND = YES;
				ENABLE_TESTABILITY = YES;
				GCC_C_LANGUAGE_STANDARD = gnu99;
				GCC_DYNAMIC_NO_PIC = NO;
				GCC_NO_COMMON_BLOCKS = YES;
				GCC_OPTIMIZATION_LEVEL = 0;
				GCC_PREPROCESSOR_DEFINITIONS = (
					"DEBUG=1",
					"$(inherited)",
				);
				GCC_WARN_64_TO_32_BIT_CONVERSION = YES;
				GCC_WARN_ABOUT_RETURN_TYPE = YES_ERROR;
				GCC_WARN_UNDECLARED_SELECTOR = YES;
				GCC_WARN_UNINITIALIZED_AUTOS = YES_AGGRESSIVE;
				GCC_WARN_UNUSED_FUNCTION = YES;
				GCC_WARN_UNUSED_VARIABLE = YES;
				IPHONEOS_DEPLOYMENT_TARGET = 10.2;
				MTL_ENABLE_DEBUG_INFO = YES;
				ONLY_ACTIVE_ARCH = YES;
				SDKROOT = iphoneos;
				SWIFT_ACTIVE_COMPILATION_CONDITIONS = DEBUG;
				SWIFT_OPTIMIZATION_LEVEL = "-Onone";
			};
			name = Debug;
		};
		344F08781E71D6BF00011081 /* Release */ = {
			isa = XCBuildConfiguration;
			buildSettings = {
				ALWAYS_SEARCH_USER_PATHS = NO;
				CLANG_ANALYZER_NONNULL = YES;
				CLANG_CXX_LANGUAGE_STANDARD = "gnu++0x";
				CLANG_CXX_LIBRARY = "libc++";
				CLANG_ENABLE_MODULES = YES;
				CLANG_ENABLE_OBJC_ARC = YES;
				CLANG_WARN_BOOL_CONVERSION = YES;
				CLANG_WARN_CONSTANT_CONVERSION = YES;
				CLANG_WARN_DIRECT_OBJC_ISA_USAGE = YES_ERROR;
				CLANG_WARN_DOCUMENTATION_COMMENTS = YES;
				CLANG_WARN_EMPTY_BODY = YES;
				CLANG_WARN_ENUM_CONVERSION = YES;
				CLANG_WARN_INFINITE_RECURSION = YES;
				CLANG_WARN_INT_CONVERSION = YES;
				CLANG_WARN_OBJC_ROOT_CLASS = YES_ERROR;
				CLANG_WARN_SUSPICIOUS_MOVE = YES;
				CLANG_WARN_UNREACHABLE_CODE = YES;
				CLANG_WARN__DUPLICATE_METHOD_MATCH = YES;
				"CODE_SIGN_IDENTITY[sdk=iphoneos*]" = "iPhone Developer";
				COPY_PHASE_STRIP = NO;
				DEBUG_INFORMATION_FORMAT = "dwarf-with-dsym";
				ENABLE_NS_ASSERTIONS = NO;
				ENABLE_STRICT_OBJC_MSGSEND = YES;
				GCC_C_LANGUAGE_STANDARD = gnu99;
				GCC_NO_COMMON_BLOCKS = YES;
				GCC_WARN_64_TO_32_BIT_CONVERSION = YES;
				GCC_WARN_ABOUT_RETURN_TYPE = YES_ERROR;
				GCC_WARN_UNDECLARED_SELECTOR = YES;
				GCC_WARN_UNINITIALIZED_AUTOS = YES_AGGRESSIVE;
				GCC_WARN_UNUSED_FUNCTION = YES;
				GCC_WARN_UNUSED_VARIABLE = YES;
				IPHONEOS_DEPLOYMENT_TARGET = 10.2;
				MTL_ENABLE_DEBUG_INFO = NO;
				SDKROOT = iphoneos;
				SWIFT_OPTIMIZATION_LEVEL = "-Owholemodule";
				VALIDATE_PRODUCT = YES;
			};
			name = Release;
		};
		344F087A1E71D6BF00011081 /* Debug */ = {
			isa = XCBuildConfiguration;
			baseConfigurationReference = 949836B69D5F3DE2A705CA2E /* Pods-UVI.debug.xcconfig */;
			buildSettings = {
				ASSETCATALOG_COMPILER_APPICON_NAME = AppIcon;
				DEVELOPMENT_TEAM = T284UZDTGP;
				INFOPLIST_FILE = UVI/Info.plist;
				IPHONEOS_DEPLOYMENT_TARGET = 10.0;
				LD_RUNPATH_SEARCH_PATHS = "$(inherited) @executable_path/Frameworks";
				PRODUCT_BUNDLE_IDENTIFIER = edu.utdallas.transformers.UVI;
				PRODUCT_NAME = "$(TARGET_NAME)";
				SWIFT_VERSION = 3.0;
			};
			name = Debug;
		};
		344F087B1E71D6BF00011081 /* Release */ = {
			isa = XCBuildConfiguration;
			baseConfigurationReference = 2D0F071909307BAA7A8485F0 /* Pods-UVI.release.xcconfig */;
			buildSettings = {
				ASSETCATALOG_COMPILER_APPICON_NAME = AppIcon;
				DEVELOPMENT_TEAM = T284UZDTGP;
				INFOPLIST_FILE = UVI/Info.plist;
				IPHONEOS_DEPLOYMENT_TARGET = 10.0;
				LD_RUNPATH_SEARCH_PATHS = "$(inherited) @executable_path/Frameworks";
				PRODUCT_BUNDLE_IDENTIFIER = edu.utdallas.transformers.UVI;
				PRODUCT_NAME = "$(TARGET_NAME)";
				SWIFT_VERSION = 3.0;
			};
			name = Release;
		};
		344F087D1E71D6BF00011081 /* Debug */ = {
			isa = XCBuildConfiguration;
			baseConfigurationReference = EAD2C8ED95233BF69024C66A /* Pods-UVITests.debug.xcconfig */;
			buildSettings = {
				ALWAYS_EMBED_SWIFT_STANDARD_LIBRARIES = YES;
				BUNDLE_LOADER = "$(TEST_HOST)";
				INFOPLIST_FILE = UVITests/Info.plist;
				LD_RUNPATH_SEARCH_PATHS = "$(inherited) @executable_path/Frameworks @loader_path/Frameworks";
				PRODUCT_BUNDLE_IDENTIFIER = edu.utdallas.transformers.UVITests;
				PRODUCT_NAME = "$(TARGET_NAME)";
				SWIFT_VERSION = 3.0;
				TEST_HOST = "$(BUILT_PRODUCTS_DIR)/UVI.app/UVI";
			};
			name = Debug;
		};
		344F087E1E71D6BF00011081 /* Release */ = {
			isa = XCBuildConfiguration;
			baseConfigurationReference = E42F94D91E322B2F6746F22D /* Pods-UVITests.release.xcconfig */;
			buildSettings = {
				ALWAYS_EMBED_SWIFT_STANDARD_LIBRARIES = YES;
				BUNDLE_LOADER = "$(TEST_HOST)";
				INFOPLIST_FILE = UVITests/Info.plist;
				LD_RUNPATH_SEARCH_PATHS = "$(inherited) @executable_path/Frameworks @loader_path/Frameworks";
				PRODUCT_BUNDLE_IDENTIFIER = edu.utdallas.transformers.UVITests;
				PRODUCT_NAME = "$(TARGET_NAME)";
				SWIFT_VERSION = 3.0;
				TEST_HOST = "$(BUILT_PRODUCTS_DIR)/UVI.app/UVI";
			};
			name = Release;
		};
		344F08801E71D6BF00011081 /* Debug */ = {
			isa = XCBuildConfiguration;
			baseConfigurationReference = 0A3909C2816E51D1DB8E8980 /* Pods-UVIUITests.debug.xcconfig */;
			buildSettings = {
				ALWAYS_EMBED_SWIFT_STANDARD_LIBRARIES = YES;
				INFOPLIST_FILE = UVIUITests/Info.plist;
				LD_RUNPATH_SEARCH_PATHS = "$(inherited) @executable_path/Frameworks @loader_path/Frameworks";
				PRODUCT_BUNDLE_IDENTIFIER = edu.utdallas.transformers.UVIUITests;
				PRODUCT_NAME = "$(TARGET_NAME)";
				SWIFT_VERSION = 3.0;
				TEST_TARGET_NAME = UVI;
			};
			name = Debug;
		};
		344F08811E71D6BF00011081 /* Release */ = {
			isa = XCBuildConfiguration;
			baseConfigurationReference = 78495B8B39CEFF38FB351DE0 /* Pods-UVIUITests.release.xcconfig */;
			buildSettings = {
				ALWAYS_EMBED_SWIFT_STANDARD_LIBRARIES = YES;
				INFOPLIST_FILE = UVIUITests/Info.plist;
				LD_RUNPATH_SEARCH_PATHS = "$(inherited) @executable_path/Frameworks @loader_path/Frameworks";
				PRODUCT_BUNDLE_IDENTIFIER = edu.utdallas.transformers.UVIUITests;
				PRODUCT_NAME = "$(TARGET_NAME)";
				SWIFT_VERSION = 3.0;
				TEST_TARGET_NAME = UVI;
			};
			name = Release;
		};
/* End XCBuildConfiguration section */

/* Begin XCConfigurationList section */
		344F084C1E71D6BF00011081 /* Build configuration list for PBXProject "UVI" */ = {
			isa = XCConfigurationList;
			buildConfigurations = (
				344F08771E71D6BF00011081 /* Debug */,
				344F08781E71D6BF00011081 /* Release */,
			);
			defaultConfigurationIsVisible = 0;
			defaultConfigurationName = Release;
		};
		344F08791E71D6BF00011081 /* Build configuration list for PBXNativeTarget "UVI" */ = {
			isa = XCConfigurationList;
			buildConfigurations = (
				344F087A1E71D6BF00011081 /* Debug */,
				344F087B1E71D6BF00011081 /* Release */,
			);
			defaultConfigurationIsVisible = 0;
			defaultConfigurationName = Release;
		};
		344F087C1E71D6BF00011081 /* Build configuration list for PBXNativeTarget "UVITests" */ = {
			isa = XCConfigurationList;
			buildConfigurations = (
				344F087D1E71D6BF00011081 /* Debug */,
				344F087E1E71D6BF00011081 /* Release */,
			);
			defaultConfigurationIsVisible = 0;
			defaultConfigurationName = Release;
		};
		344F087F1E71D6BF00011081 /* Build configuration list for PBXNativeTarget "UVIUITests" */ = {
			isa = XCConfigurationList;
			buildConfigurations = (
				344F08801E71D6BF00011081 /* Debug */,
				344F08811E71D6BF00011081 /* Release */,
			);
			defaultConfigurationIsVisible = 0;
			defaultConfigurationName = Release;
		};
/* End XCConfigurationList section */
	};
	rootObject = 344F08491E71D6BF00011081 /* Project object */;
}
